// !$*UTF8*$!
{
	archiveVersion = 1;
	classes = {
	};
	objectVersion = 46;
	objects = {

/* Begin PBXBuildFile section */
		8405D56117A4F1C700D7990E /* checkmark.png in Resources */ = {isa = PBXBuildFile; fileRef = 8405D55F17A4F1C700D7990E /* checkmark.png */; };
		8405D56217A4F1C700D7990E /* checkmark@2x.png in Resources */ = {isa = PBXBuildFile; fileRef = 8405D56017A4F1C700D7990E /* checkmark@2x.png */; };
		8405D58017A5A8D700D7990E /* SettingsWhite.png in Resources */ = {isa = PBXBuildFile; fileRef = 8405D57E17A5A8D700D7990E /* SettingsWhite.png */; };
		8405D58117A5A8D700D7990E /* SettingsWhite@2x.png in Resources */ = {isa = PBXBuildFile; fileRef = 8405D57F17A5A8D700D7990E /* SettingsWhite@2x.png */; };
		8405D58417A5C4D500D7990E /* DSPPreferencesWindow.m in Sources */ = {isa = PBXBuildFile; fileRef = 8405D58317A5C4D500D7990E /* DSPPreferencesWindow.m */; };
		8405D58717A5D60000D7990E /* DSPPNGFormatter.m in Sources */ = {isa = PBXBuildFile; fileRef = 8405D58617A5D60000D7990E /* DSPPNGFormatter.m */; };
		8405D58C17A5E06D00D7990E /* LIEffect.m in Sources */ = {isa = PBXBuildFile; fileRef = 8405D58917A5E06D00D7990E /* LIEffect.m */; settings = {COMPILER_FLAGS = "-fno-objc-arc"; }; };
		8405D58D17A5E06D00D7990E /* LIFlipEffect.m in Sources */ = {isa = PBXBuildFile; fileRef = 8405D58B17A5E06D00D7990E /* LIFlipEffect.m */; settings = {COMPILER_FLAGS = "-fno-objc-arc"; }; };
		842B007717B47AEC00EB9672 /* DSPShadowBox.m in Sources */ = {isa = PBXBuildFile; fileRef = 842B007617B47AEC00EB9672 /* DSPShadowBox.m */; };
		842B007F17B47B6900EB9672 /* DSPLabel.m in Sources */ = {isa = PBXBuildFile; fileRef = 842B007E17B47B6900EB9672 /* DSPLabel.m */; };
		842B008217B47C0C00EB9672 /* DSPFilenameTextField.m in Sources */ = {isa = PBXBuildFile; fileRef = 842B008117B47C0C00EB9672 /* DSPFilenameTextField.m */; };
		84600B4517A31CB500D3E8FE /* MAAttachedWindow.m in Sources */ = {isa = PBXBuildFile; fileRef = 84600B4417A31CB500D3E8FE /* MAAttachedWindow.m */; settings = {COMPILER_FLAGS = "-fno-objc-arc"; }; };
		84600B4E17A34A8400D3E8FE /* DSPHistoryRowView.m in Sources */ = {isa = PBXBuildFile; fileRef = 84600B4D17A34A8400D3E8FE /* DSPHistoryRowView.m */; };
		84600B5D17A354D300D3E8FE /* DSPHistoryTableView.m in Sources */ = {isa = PBXBuildFile; fileRef = 84600B5C17A354D300D3E8FE /* DSPHistoryTableView.m */; };
		847835C517A0D2750050EBA6 /* DSPAppDelegate.m in Sources */ = {isa = PBXBuildFile; fileRef = 847835C417A0D2750050EBA6 /* DSPAppDelegate.m */; };
		847835C817A0D3590050EBA6 /* DSPMainWindowController.m in Sources */ = {isa = PBXBuildFile; fileRef = 847835C717A0D3590050EBA6 /* DSPMainWindowController.m */; };
		847835CB17A0D3650050EBA6 /* DSPMainViewController.m in Sources */ = {isa = PBXBuildFile; fileRef = 847835CA17A0D3650050EBA6 /* DSPMainViewController.m */; };
		847835D617A0DB670050EBA6 /* DSPMainView.m in Sources */ = {isa = PBXBuildFile; fileRef = 847835D517A0DB670050EBA6 /* DSPMainView.m */; };
		847835EA17A0E3E30050EBA6 /* ReactiveCocoa.framework in Frameworks */ = {isa = PBXBuildFile; fileRef = 847835E217A0E3AA0050EBA6 /* ReactiveCocoa.framework */; };
		847835EF17A0EABD0050EBA6 /* QuartzCore.framework in Frameworks */ = {isa = PBXBuildFile; fileRef = 847835EE17A0EABD0050EBA6 /* QuartzCore.framework */; };
		8478360817A0F5560050EBA6 /* DSPMainWindow.m in Sources */ = {isa = PBXBuildFile; fileRef = 8478360717A0F5560050EBA6 /* DSPMainWindow.m */; };
		8478361717A0F6A10050EBA6 /* JNWAnimatableWindow.m in Sources */ = {isa = PBXBuildFile; fileRef = 8478361617A0F6A10050EBA6 /* JNWAnimatableWindow.m */; };
		8478361E17A1001F0050EBA6 /* DSPMainViewModel.m in Sources */ = {isa = PBXBuildFile; fileRef = 8478361D17A1001F0050EBA6 /* DSPMainViewModel.m */; };
		8478362C17A198860050EBA6 /* DSPPreferencesViewController.m in Sources */ = {isa = PBXBuildFile; fileRef = 8478362B17A198860050EBA6 /* DSPPreferencesViewController.m */; };
		8478363217A19D2B0050EBA6 /* Defaults.plist in Resources */ = {isa = PBXBuildFile; fileRef = 8478363117A19D2B0050EBA6 /* Defaults.plist */; };
		8478363517A19E410050EBA6 /* DSPDefaults.m in Sources */ = {isa = PBXBuildFile; fileRef = 8478363417A19E410050EBA6 /* DSPDefaults.m */; };
		8478364217A1FAE00050EBA6 /* DSPSwitch.m in Sources */ = {isa = PBXBuildFile; fileRef = 8478364117A1FAE00050EBA6 /* DSPSwitch.m */; };
		8478364917A205D50050EBA6 /* DSPLaunchServicesManager.m in Sources */ = {isa = PBXBuildFile; fileRef = 8478364817A205D50050EBA6 /* DSPLaunchServicesManager.m */; };
		8478365D17A221490050EBA6 /* NSColor+DSPExtensions.m in Sources */ = {isa = PBXBuildFile; fileRef = 8478365C17A221490050EBA6 /* NSColor+DSPExtensions.m */; settings = {COMPILER_FLAGS = "-fno-objc-arc"; }; };
		84BC7E5B17A4D1D00091C0DB /* dotsnapp_appicon_normal.png in Resources */ = {isa = PBXBuildFile; fileRef = 84BC7E5717A4D1D00091C0DB /* dotsnapp_appicon_normal.png */; };
		84BC7E5C17A4D1D00091C0DB /* dotsnapp_appicon_normal@2x.png in Resources */ = {isa = PBXBuildFile; fileRef = 84BC7E5817A4D1D00091C0DB /* dotsnapp_appicon_normal@2x.png */; };
		84BC7E5D17A4D1D00091C0DB /* dotsnapp_appicon_white_active.png in Resources */ = {isa = PBXBuildFile; fileRef = 84BC7E5917A4D1D00091C0DB /* dotsnapp_appicon_white_active.png */; };
		84BC7E5E17A4D1D00091C0DB /* dotsnapp_appicon_white_active@2x.png in Resources */ = {isa = PBXBuildFile; fileRef = 84BC7E5A17A4D1D00091C0DB /* dotsnapp_appicon_white_active@2x.png */; };
		84BC7E6717A4D8820091C0DB /* Browse_Arrow_Hover.png in Resources */ = {isa = PBXBuildFile; fileRef = 84BC7E5F17A4D8820091C0DB /* Browse_Arrow_Hover.png */; };
		84BC7E6817A4D8820091C0DB /* Browse_Arrow_Hover@2x.png in Resources */ = {isa = PBXBuildFile; fileRef = 84BC7E6017A4D8820091C0DB /* Browse_Arrow_Hover@2x.png */; };
		84BC7E6917A4D8820091C0DB /* Browse_Arrow.png in Resources */ = {isa = PBXBuildFile; fileRef = 84BC7E6117A4D8820091C0DB /* Browse_Arrow.png */; };
		84BC7E6A17A4D8820091C0DB /* Browse_Arrow@2x.png in Resources */ = {isa = PBXBuildFile; fileRef = 84BC7E6217A4D8820091C0DB /* Browse_Arrow@2x.png */; };
		84BC7E6B17A4D8820091C0DB /* BrowseCircle_hover.png in Resources */ = {isa = PBXBuildFile; fileRef = 84BC7E6317A4D8820091C0DB /* BrowseCircle_hover.png */; };
		84BC7E6C17A4D8820091C0DB /* BrowseCircle_hover@2x.png in Resources */ = {isa = PBXBuildFile; fileRef = 84BC7E6417A4D8820091C0DB /* BrowseCircle_hover@2x.png */; };
		84BC7E6D17A4D8820091C0DB /* BrowseCircle.png in Resources */ = {isa = PBXBuildFile; fileRef = 84BC7E6517A4D8820091C0DB /* BrowseCircle.png */; };
		84BC7E6E17A4D8820091C0DB /* BrowseCircle@2x.png in Resources */ = {isa = PBXBuildFile; fileRef = 84BC7E6617A4D8820091C0DB /* BrowseCircle@2x.png */; };
		84BC7E7117A4D8BA0091C0DB /* DSPDirectoryPickerButton.m in Sources */ = {isa = PBXBuildFile; fileRef = 84BC7E7017A4D8BA0091C0DB /* DSPDirectoryPickerButton.m */; };
		84BC7E7617A4DC750091C0DB /* Settings_DarkHover.png in Resources */ = {isa = PBXBuildFile; fileRef = 84BC7E7217A4DC750091C0DB /* Settings_DarkHover.png */; };
		84BC7E7717A4DC750091C0DB /* Settings_DarkHover@2x.png in Resources */ = {isa = PBXBuildFile; fileRef = 84BC7E7317A4DC750091C0DB /* Settings_DarkHover@2x.png */; };
		84BC7E7817A4DC750091C0DB /* Settings_Normal.png in Resources */ = {isa = PBXBuildFile; fileRef = 84BC7E7417A4DC750091C0DB /* Settings_Normal.png */; };
		84BC7E7917A4DC750091C0DB /* Settings_Normal@2x.png in Resources */ = {isa = PBXBuildFile; fileRef = 84BC7E7517A4DC750091C0DB /* Settings_Normal@2x.png */; };
		84BC7E7C17A4DC9E0091C0DB /* DSPSpinningSettingsButton.m in Sources */ = {isa = PBXBuildFile; fileRef = 84BC7E7B17A4DC9E0091C0DB /* DSPSpinningSettingsButton.m */; };
		84D11E5117A769650053890B /* ReactiveCocoa.framework in CopyFiles */ = {isa = PBXBuildFile; fileRef = 847835E217A0E3AA0050EBA6 /* ReactiveCocoa.framework */; };
		84FC869917A3191000955E40 /* DotSnapPreferencesLogo.png in Resources */ = {isa = PBXBuildFile; fileRef = 84FC868E17A3191000955E40 /* DotSnapPreferencesLogo.png */; };
		84FC86A117A3191000955E40 /* SwitchCheckmark.png in Resources */ = {isa = PBXBuildFile; fileRef = 84FC869617A3191000955E40 /* SwitchCheckmark.png */; };
		84FC86A217A3191000955E40 /* SwitchXmark.png in Resources */ = {isa = PBXBuildFile; fileRef = 84FC869717A3191000955E40 /* SwitchXmark.png */; };
		DD4F7C0913C30F9F00825C6E /* Cocoa.framework in Frameworks */ = {isa = PBXBuildFile; fileRef = DD4F7C0813C30F9F00825C6E /* Cocoa.framework */; };
		DD4F7C1513C30F9F00825C6E /* main.m in Sources */ = {isa = PBXBuildFile; fileRef = DD4F7C1413C30F9F00825C6E /* main.m */; };
		DD4F7C1F13C30F9F00825C6E /* MainMenu.xib in Resources */ = {isa = PBXBuildFile; fileRef = DD4F7C1D13C30F9F00825C6E /* MainMenu.xib */; };
/* End PBXBuildFile section */

/* Begin PBXContainerItemProxy section */
		847835E117A0E3AA0050EBA6 /* PBXContainerItemProxy */ = {
			isa = PBXContainerItemProxy;
			containerPortal = 847835D917A0E3AA0050EBA6 /* ReactiveCocoa.xcodeproj */;
			proxyType = 2;
			remoteGlobalIDString = 88037F8315056328001A5B19;
			remoteInfo = ReactiveCocoa;
		};
		847835E317A0E3AA0050EBA6 /* PBXContainerItemProxy */ = {
			isa = PBXContainerItemProxy;
			containerPortal = 847835D917A0E3AA0050EBA6 /* ReactiveCocoa.xcodeproj */;
			proxyType = 2;
			remoteGlobalIDString = 88F440AB153DAC820097B4C3;
			remoteInfo = "ReactiveCocoa-iOS";
		};
		847835E517A0E3AA0050EBA6 /* PBXContainerItemProxy */ = {
			isa = PBXContainerItemProxy;
			containerPortal = 847835D917A0E3AA0050EBA6 /* ReactiveCocoa.xcodeproj */;
			proxyType = 2;
			remoteGlobalIDString = 88CDF7DC15000FCF00163A9F;
			remoteInfo = ReactiveCocoaTests;
		};
		847835E717A0E3CD0050EBA6 /* PBXContainerItemProxy */ = {
			isa = PBXContainerItemProxy;
			containerPortal = 847835D917A0E3AA0050EBA6 /* ReactiveCocoa.xcodeproj */;
			proxyType = 1;
			remoteGlobalIDString = 88037F8215056328001A5B19;
			remoteInfo = ReactiveCocoa;
		};
		8478360E17A0F5560050EBA6 /* PBXContainerItemProxy */ = {
			isa = PBXContainerItemProxy;
			containerPortal = 847835D917A0E3AA0050EBA6 /* ReactiveCocoa.xcodeproj */;
			proxyType = 2;
			remoteGlobalIDString = 5FAF5223174D4C2000CAC810;
			remoteInfo = "ReactiveCocoaTests-iOS";
		};
		8478361017A0F5560050EBA6 /* PBXContainerItemProxy */ = {
			isa = PBXContainerItemProxy;
			containerPortal = 847835D917A0E3AA0050EBA6 /* ReactiveCocoa.xcodeproj */;
			proxyType = 2;
			remoteGlobalIDString = 1860F412177C91B500C7B3C9;
			remoteInfo = "ReactiveCocoa-iOS-UIKitTestHost";
		};
		8478361217A0F5560050EBA6 /* PBXContainerItemProxy */ = {
			isa = PBXContainerItemProxy;
			containerPortal = 847835D917A0E3AA0050EBA6 /* ReactiveCocoa.xcodeproj */;
			proxyType = 2;
			remoteGlobalIDString = 1860F430177C91B500C7B3C9;
			remoteInfo = "ReactiveCocoa-iOS-UIKitTestHostTests";
		};
/* End PBXContainerItemProxy section */

/* Begin PBXCopyFilesBuildPhase section */
		84BA5AD317A0C3BE00A45952 /* CopyFiles */ = {
			isa = PBXCopyFilesBuildPhase;
			buildActionMask = 2147483647;
			dstPath = "";
			dstSubfolderSpec = 10;
			files = (
				84D11E5117A769650053890B /* ReactiveCocoa.framework in CopyFiles */,
			);
			runOnlyForDeploymentPostprocessing = 0;
		};
/* End PBXCopyFilesBuildPhase section */

/* Begin PBXFileReference section */
		8405D55F17A4F1C700D7990E /* checkmark.png */ = {isa = PBXFileReference; lastKnownFileType = image.png; name = checkmark.png; path = Artwork/checkmark.png; sourceTree = "<group>"; };
		8405D56017A4F1C700D7990E /* checkmark@2x.png */ = {isa = PBXFileReference; lastKnownFileType = image.png; name = "checkmark@2x.png"; path = "Artwork/checkmark@2x.png"; sourceTree = "<group>"; };
		8405D57E17A5A8D700D7990E /* SettingsWhite.png */ = {isa = PBXFileReference; lastKnownFileType = image.png; name = SettingsWhite.png; path = Artwork/SettingsWhite.png; sourceTree = "<group>"; };
		8405D57F17A5A8D700D7990E /* SettingsWhite@2x.png */ = {isa = PBXFileReference; lastKnownFileType = image.png; name = "SettingsWhite@2x.png"; path = "Artwork/SettingsWhite@2x.png"; sourceTree = "<group>"; };
		8405D58217A5C4D500D7990E /* DSPPreferencesWindow.h */ = {isa = PBXFileReference; fileEncoding = 4; lastKnownFileType = sourcecode.c.h; path = DSPPreferencesWindow.h; sourceTree = "<group>"; };
		8405D58317A5C4D500D7990E /* DSPPreferencesWindow.m */ = {isa = PBXFileReference; fileEncoding = 4; lastKnownFileType = sourcecode.c.objc; path = DSPPreferencesWindow.m; sourceTree = "<group>"; };
		8405D58517A5D60000D7990E /* DSPPNGFormatter.h */ = {isa = PBXFileReference; fileEncoding = 4; lastKnownFileType = sourcecode.c.h; path = DSPPNGFormatter.h; sourceTree = "<group>"; };
		8405D58617A5D60000D7990E /* DSPPNGFormatter.m */ = {isa = PBXFileReference; fileEncoding = 4; lastKnownFileType = sourcecode.c.objc; path = DSPPNGFormatter.m; sourceTree = "<group>"; };
		8405D58817A5E06D00D7990E /* LIEffect.h */ = {isa = PBXFileReference; fileEncoding = 4; lastKnownFileType = sourcecode.c.h; name = LIEffect.h; path = "../../../Downloads/LIFlipEffect-master/LIEffect.h"; sourceTree = "<group>"; };
		8405D58917A5E06D00D7990E /* LIEffect.m */ = {isa = PBXFileReference; fileEncoding = 4; lastKnownFileType = sourcecode.c.objc; name = LIEffect.m; path = "../../../Downloads/LIFlipEffect-master/LIEffect.m"; sourceTree = "<group>"; };
		8405D58A17A5E06D00D7990E /* LIFlipEffect.h */ = {isa = PBXFileReference; fileEncoding = 4; lastKnownFileType = sourcecode.c.h; name = LIFlipEffect.h; path = "../../../Downloads/LIFlipEffect-master/LIFlipEffect.h"; sourceTree = "<group>"; };
		8405D58B17A5E06D00D7990E /* LIFlipEffect.m */ = {isa = PBXFileReference; fileEncoding = 4; lastKnownFileType = sourcecode.c.objc; name = LIFlipEffect.m; path = "../../../Downloads/LIFlipEffect-master/LIFlipEffect.m"; sourceTree = "<group>"; };
		842B007517B47AEC00EB9672 /* DSPShadowBox.h */ = {isa = PBXFileReference; fileEncoding = 4; lastKnownFileType = sourcecode.c.h; path = DSPShadowBox.h; sourceTree = "<group>"; };
		842B007617B47AEC00EB9672 /* DSPShadowBox.m */ = {isa = PBXFileReference; fileEncoding = 4; lastKnownFileType = sourcecode.c.objc; path = DSPShadowBox.m; sourceTree = "<group>"; };
		842B007D17B47B6900EB9672 /* DSPLabel.h */ = {isa = PBXFileReference; fileEncoding = 4; lastKnownFileType = sourcecode.c.h; path = DSPLabel.h; sourceTree = "<group>"; };
		842B007E17B47B6900EB9672 /* DSPLabel.m */ = {isa = PBXFileReference; fileEncoding = 4; lastKnownFileType = sourcecode.c.objc; path = DSPLabel.m; sourceTree = "<group>"; };
		842B008017B47C0C00EB9672 /* DSPFilenameTextField.h */ = {isa = PBXFileReference; fileEncoding = 4; lastKnownFileType = sourcecode.c.h; path = DSPFilenameTextField.h; sourceTree = "<group>"; };
		842B008117B47C0C00EB9672 /* DSPFilenameTextField.m */ = {isa = PBXFileReference; fileEncoding = 4; lastKnownFileType = sourcecode.c.objc; path = DSPFilenameTextField.m; sourceTree = "<group>"; };
		84600B4317A31CB500D3E8FE /* MAAttachedWindow.h */ = {isa = PBXFileReference; fileEncoding = 4; lastKnownFileType = sourcecode.c.h; path = MAAttachedWindow.h; sourceTree = "<group>"; };
		84600B4417A31CB500D3E8FE /* MAAttachedWindow.m */ = {isa = PBXFileReference; fileEncoding = 4; lastKnownFileType = sourcecode.c.objc; path = MAAttachedWindow.m; sourceTree = "<group>"; };
		84600B4C17A34A8400D3E8FE /* DSPHistoryRowView.h */ = {isa = PBXFileReference; fileEncoding = 4; lastKnownFileType = sourcecode.c.h; path = DSPHistoryRowView.h; sourceTree = "<group>"; };
		84600B4D17A34A8400D3E8FE /* DSPHistoryRowView.m */ = {isa = PBXFileReference; fileEncoding = 4; lastKnownFileType = sourcecode.c.objc; path = DSPHistoryRowView.m; sourceTree = "<group>"; };
		84600B5B17A354D300D3E8FE /* DSPHistoryTableView.h */ = {isa = PBXFileReference; fileEncoding = 4; lastKnownFileType = sourcecode.c.h; path = DSPHistoryTableView.h; sourceTree = "<group>"; };
		84600B5C17A354D300D3E8FE /* DSPHistoryTableView.m */ = {isa = PBXFileReference; fileEncoding = 4; lastKnownFileType = sourcecode.c.objc; path = DSPHistoryTableView.m; sourceTree = "<group>"; };
		847835C317A0D2750050EBA6 /* DSPAppDelegate.h */ = {isa = PBXFileReference; fileEncoding = 4; lastKnownFileType = sourcecode.c.h; path = DSPAppDelegate.h; sourceTree = "<group>"; };
		847835C417A0D2750050EBA6 /* DSPAppDelegate.m */ = {isa = PBXFileReference; fileEncoding = 4; lastKnownFileType = sourcecode.c.objc; path = DSPAppDelegate.m; sourceTree = "<group>"; };
		847835C617A0D3590050EBA6 /* DSPMainWindowController.h */ = {isa = PBXFileReference; fileEncoding = 4; lastKnownFileType = sourcecode.c.h; path = DSPMainWindowController.h; sourceTree = "<group>"; };
		847835C717A0D3590050EBA6 /* DSPMainWindowController.m */ = {isa = PBXFileReference; fileEncoding = 4; lastKnownFileType = sourcecode.c.objc; path = DSPMainWindowController.m; sourceTree = "<group>"; };
		847835C917A0D3650050EBA6 /* DSPMainViewController.h */ = {isa = PBXFileReference; fileEncoding = 4; lastKnownFileType = sourcecode.c.h; path = DSPMainViewController.h; sourceTree = "<group>"; };
		847835CA17A0D3650050EBA6 /* DSPMainViewController.m */ = {isa = PBXFileReference; fileEncoding = 4; lastKnownFileType = sourcecode.c.objc; path = DSPMainViewController.m; sourceTree = "<group>"; };
		847835D417A0DB670050EBA6 /* DSPMainView.h */ = {isa = PBXFileReference; fileEncoding = 4; lastKnownFileType = sourcecode.c.h; path = DSPMainView.h; sourceTree = "<group>"; };
		847835D517A0DB670050EBA6 /* DSPMainView.m */ = {isa = PBXFileReference; fileEncoding = 4; lastKnownFileType = sourcecode.c.objc; path = DSPMainView.m; sourceTree = "<group>"; };
		847835D917A0E3AA0050EBA6 /* ReactiveCocoa.xcodeproj */ = {isa = PBXFileReference; lastKnownFileType = "wrapper.pb-project"; name = ReactiveCocoa.xcodeproj; path = External/ReactiveCocoa/ReactiveCocoaFramework/ReactiveCocoa.xcodeproj; sourceTree = "<group>"; };
		847835EE17A0EABD0050EBA6 /* QuartzCore.framework */ = {isa = PBXFileReference; lastKnownFileType = wrapper.framework; name = QuartzCore.framework; path = System/Library/Frameworks/QuartzCore.framework; sourceTree = SDKROOT; };
		8478360617A0F5560050EBA6 /* DSPMainWindow.h */ = {isa = PBXFileReference; fileEncoding = 4; lastKnownFileType = sourcecode.c.h; path = DSPMainWindow.h; sourceTree = "<group>"; };
		8478360717A0F5560050EBA6 /* DSPMainWindow.m */ = {isa = PBXFileReference; fileEncoding = 4; lastKnownFileType = sourcecode.c.objc; path = DSPMainWindow.m; sourceTree = "<group>"; };
		8478361517A0F6A10050EBA6 /* JNWAnimatableWindow.h */ = {isa = PBXFileReference; fileEncoding = 4; lastKnownFileType = sourcecode.c.h; path = JNWAnimatableWindow.h; sourceTree = "<group>"; };
		8478361617A0F6A10050EBA6 /* JNWAnimatableWindow.m */ = {isa = PBXFileReference; fileEncoding = 4; lastKnownFileType = sourcecode.c.objc; path = JNWAnimatableWindow.m; sourceTree = "<group>"; };
		8478361C17A1001F0050EBA6 /* DSPMainViewModel.h */ = {isa = PBXFileReference; fileEncoding = 4; lastKnownFileType = sourcecode.c.h; path = DSPMainViewModel.h; sourceTree = "<group>"; };
		8478361D17A1001F0050EBA6 /* DSPMainViewModel.m */ = {isa = PBXFileReference; fileEncoding = 4; lastKnownFileType = sourcecode.c.objc; path = DSPMainViewModel.m; sourceTree = "<group>"; };
		8478362A17A198860050EBA6 /* DSPPreferencesViewController.h */ = {isa = PBXFileReference; fileEncoding = 4; lastKnownFileType = sourcecode.c.h; path = DSPPreferencesViewController.h; sourceTree = "<group>"; };
		8478362B17A198860050EBA6 /* DSPPreferencesViewController.m */ = {isa = PBXFileReference; fileEncoding = 4; lastKnownFileType = sourcecode.c.objc; path = DSPPreferencesViewController.m; sourceTree = "<group>"; };
		8478363117A19D2B0050EBA6 /* Defaults.plist */ = {isa = PBXFileReference; fileEncoding = 4; lastKnownFileType = text.plist.xml; path = Defaults.plist; sourceTree = "<group>"; };
		8478363317A19D8F0050EBA6 /* DSPDefaults.h */ = {isa = PBXFileReference; fileEncoding = 4; lastKnownFileType = sourcecode.c.h; path = DSPDefaults.h; sourceTree = "<group>"; };
		8478363417A19E410050EBA6 /* DSPDefaults.m */ = {isa = PBXFileReference; fileEncoding = 4; lastKnownFileType = sourcecode.c.objc; path = DSPDefaults.m; sourceTree = "<group>"; };
		8478363817A1F93D0050EBA6 /* CoreText.framework */ = {isa = PBXFileReference; lastKnownFileType = wrapper.framework; name = CoreText.framework; path = System/Library/Frameworks/CoreText.framework; sourceTree = SDKROOT; };
		8478363C17A1F9AB0050EBA6 /* CoreServices.framework */ = {isa = PBXFileReference; lastKnownFileType = wrapper.framework; name = CoreServices.framework; path = System/Library/Frameworks/CoreServices.framework; sourceTree = SDKROOT; };
		8478363E17A1F9B20050EBA6 /* CoreGraphics.framework */ = {isa = PBXFileReference; lastKnownFileType = wrapper.framework; name = CoreGraphics.framework; path = System/Library/Frameworks/CoreGraphics.framework; sourceTree = SDKROOT; };
		8478364017A1FAE00050EBA6 /* DSPSwitch.h */ = {isa = PBXFileReference; fileEncoding = 4; lastKnownFileType = sourcecode.c.h; path = DSPSwitch.h; sourceTree = "<group>"; };
		8478364117A1FAE00050EBA6 /* DSPSwitch.m */ = {isa = PBXFileReference; fileEncoding = 4; lastKnownFileType = sourcecode.c.objc; path = DSPSwitch.m; sourceTree = "<group>"; };
		8478364717A205D50050EBA6 /* DSPLaunchServicesManager.h */ = {isa = PBXFileReference; fileEncoding = 4; lastKnownFileType = sourcecode.c.h; path = DSPLaunchServicesManager.h; sourceTree = "<group>"; };
		8478364817A205D50050EBA6 /* DSPLaunchServicesManager.m */ = {isa = PBXFileReference; fileEncoding = 4; lastKnownFileType = sourcecode.c.objc; path = DSPLaunchServicesManager.m; sourceTree = "<group>"; };
		8478365B17A221490050EBA6 /* NSColor+DSPExtensions.h */ = {isa = PBXFileReference; fileEncoding = 4; lastKnownFileType = sourcecode.c.h; path = "NSColor+DSPExtensions.h"; sourceTree = "<group>"; };
		8478365C17A221490050EBA6 /* NSColor+DSPExtensions.m */ = {isa = PBXFileReference; fileEncoding = 4; lastKnownFileType = sourcecode.c.objc; path = "NSColor+DSPExtensions.m"; sourceTree = "<group>"; };
		84BC7E5717A4D1D00091C0DB /* dotsnapp_appicon_normal.png */ = {isa = PBXFileReference; lastKnownFileType = image.png; name = dotsnapp_appicon_normal.png; path = Artwork/dotsnapp_appicon_normal.png; sourceTree = "<group>"; };
		84BC7E5817A4D1D00091C0DB /* dotsnapp_appicon_normal@2x.png */ = {isa = PBXFileReference; lastKnownFileType = image.png; name = "dotsnapp_appicon_normal@2x.png"; path = "Artwork/dotsnapp_appicon_normal@2x.png"; sourceTree = "<group>"; };
		84BC7E5917A4D1D00091C0DB /* dotsnapp_appicon_white_active.png */ = {isa = PBXFileReference; lastKnownFileType = image.png; name = dotsnapp_appicon_white_active.png; path = Artwork/dotsnapp_appicon_white_active.png; sourceTree = "<group>"; };
		84BC7E5A17A4D1D00091C0DB /* dotsnapp_appicon_white_active@2x.png */ = {isa = PBXFileReference; lastKnownFileType = image.png; name = "dotsnapp_appicon_white_active@2x.png"; path = "Artwork/dotsnapp_appicon_white_active@2x.png"; sourceTree = "<group>"; };
		84BC7E5F17A4D8820091C0DB /* Browse_Arrow_Hover.png */ = {isa = PBXFileReference; lastKnownFileType = image.png; name = Browse_Arrow_Hover.png; path = Artwork/Browse_Arrow_Hover.png; sourceTree = "<group>"; };
		84BC7E6017A4D8820091C0DB /* Browse_Arrow_Hover@2x.png */ = {isa = PBXFileReference; lastKnownFileType = image.png; name = "Browse_Arrow_Hover@2x.png"; path = "Artwork/Browse_Arrow_Hover@2x.png"; sourceTree = "<group>"; };
		84BC7E6117A4D8820091C0DB /* Browse_Arrow.png */ = {isa = PBXFileReference; lastKnownFileType = image.png; name = Browse_Arrow.png; path = Artwork/Browse_Arrow.png; sourceTree = "<group>"; };
		84BC7E6217A4D8820091C0DB /* Browse_Arrow@2x.png */ = {isa = PBXFileReference; lastKnownFileType = image.png; name = "Browse_Arrow@2x.png"; path = "Artwork/Browse_Arrow@2x.png"; sourceTree = "<group>"; };
		84BC7E6317A4D8820091C0DB /* BrowseCircle_hover.png */ = {isa = PBXFileReference; lastKnownFileType = image.png; name = BrowseCircle_hover.png; path = Artwork/BrowseCircle_hover.png; sourceTree = "<group>"; };
		84BC7E6417A4D8820091C0DB /* BrowseCircle_hover@2x.png */ = {isa = PBXFileReference; lastKnownFileType = image.png; name = "BrowseCircle_hover@2x.png"; path = "Artwork/BrowseCircle_hover@2x.png"; sourceTree = "<group>"; };
		84BC7E6517A4D8820091C0DB /* BrowseCircle.png */ = {isa = PBXFileReference; lastKnownFileType = image.png; name = BrowseCircle.png; path = Artwork/BrowseCircle.png; sourceTree = "<group>"; };
		84BC7E6617A4D8820091C0DB /* BrowseCircle@2x.png */ = {isa = PBXFileReference; lastKnownFileType = image.png; name = "BrowseCircle@2x.png"; path = "Artwork/BrowseCircle@2x.png"; sourceTree = "<group>"; };
		84BC7E6F17A4D8BA0091C0DB /* DSPDirectoryPickerButton.h */ = {isa = PBXFileReference; fileEncoding = 4; lastKnownFileType = sourcecode.c.h; path = DSPDirectoryPickerButton.h; sourceTree = "<group>"; };
		84BC7E7017A4D8BA0091C0DB /* DSPDirectoryPickerButton.m */ = {isa = PBXFileReference; fileEncoding = 4; lastKnownFileType = sourcecode.c.objc; path = DSPDirectoryPickerButton.m; sourceTree = "<group>"; };
		84BC7E7217A4DC750091C0DB /* Settings_DarkHover.png */ = {isa = PBXFileReference; lastKnownFileType = image.png; name = Settings_DarkHover.png; path = Artwork/Settings_DarkHover.png; sourceTree = "<group>"; };
		84BC7E7317A4DC750091C0DB /* Settings_DarkHover@2x.png */ = {isa = PBXFileReference; lastKnownFileType = image.png; name = "Settings_DarkHover@2x.png"; path = "Artwork/Settings_DarkHover@2x.png"; sourceTree = "<group>"; };
		84BC7E7417A4DC750091C0DB /* Settings_Normal.png */ = {isa = PBXFileReference; lastKnownFileType = image.png; name = Settings_Normal.png; path = Artwork/Settings_Normal.png; sourceTree = "<group>"; };
		84BC7E7517A4DC750091C0DB /* Settings_Normal@2x.png */ = {isa = PBXFileReference; lastKnownFileType = image.png; name = "Settings_Normal@2x.png"; path = "Artwork/Settings_Normal@2x.png"; sourceTree = "<group>"; };
		84BC7E7A17A4DC9E0091C0DB /* DSPSpinningSettingsButton.h */ = {isa = PBXFileReference; fileEncoding = 4; lastKnownFileType = sourcecode.c.h; path = DSPSpinningSettingsButton.h; sourceTree = "<group>"; };
		84BC7E7B17A4DC9E0091C0DB /* DSPSpinningSettingsButton.m */ = {isa = PBXFileReference; fileEncoding = 4; lastKnownFileType = sourcecode.c.objc; path = DSPSpinningSettingsButton.m; sourceTree = "<group>"; };
		84FC868E17A3191000955E40 /* DotSnapPreferencesLogo.png */ = {isa = PBXFileReference; lastKnownFileType = image.png; name = DotSnapPreferencesLogo.png; path = Artwork/DotSnapPreferencesLogo.png; sourceTree = "<group>"; };
		84FC869617A3191000955E40 /* SwitchCheckmark.png */ = {isa = PBXFileReference; lastKnownFileType = image.png; name = SwitchCheckmark.png; path = Artwork/SwitchCheckmark.png; sourceTree = "<group>"; };
		84FC869717A3191000955E40 /* SwitchXmark.png */ = {isa = PBXFileReference; lastKnownFileType = image.png; name = SwitchXmark.png; path = Artwork/SwitchXmark.png; sourceTree = "<group>"; };
		DD4F7C0413C30F9F00825C6E /* DotSnap.app */ = {isa = PBXFileReference; explicitFileType = wrapper.application; includeInIndex = 0; path = DotSnap.app; sourceTree = BUILT_PRODUCTS_DIR; };
		DD4F7C0813C30F9F00825C6E /* Cocoa.framework */ = {isa = PBXFileReference; lastKnownFileType = wrapper.framework; name = Cocoa.framework; path = System/Library/Frameworks/Cocoa.framework; sourceTree = SDKROOT; };
		DD4F7C0B13C30F9F00825C6E /* AppKit.framework */ = {isa = PBXFileReference; lastKnownFileType = wrapper.framework; name = AppKit.framework; path = System/Library/Frameworks/AppKit.framework; sourceTree = SDKROOT; };
		DD4F7C0C13C30F9F00825C6E /* CoreData.framework */ = {isa = PBXFileReference; lastKnownFileType = wrapper.framework; name = CoreData.framework; path = System/Library/Frameworks/CoreData.framework; sourceTree = SDKROOT; };
		DD4F7C0D13C30F9F00825C6E /* Foundation.framework */ = {isa = PBXFileReference; lastKnownFileType = wrapper.framework; name = Foundation.framework; path = System/Library/Frameworks/Foundation.framework; sourceTree = SDKROOT; };
		DD4F7C1013C30F9F00825C6E /* DotSnap-Info.plist */ = {isa = PBXFileReference; lastKnownFileType = text.plist.xml; path = "DotSnap-Info.plist"; sourceTree = "<group>"; };
		DD4F7C1413C30F9F00825C6E /* main.m */ = {isa = PBXFileReference; lastKnownFileType = sourcecode.c.objc; path = main.m; sourceTree = "<group>"; };
		DD4F7C1613C30F9F00825C6E /* DotSnap-Prefix.pch */ = {isa = PBXFileReference; lastKnownFileType = sourcecode.c.h; path = "DotSnap-Prefix.pch"; sourceTree = "<group>"; };
		DD4F7C1E13C30F9F00825C6E /* en */ = {isa = PBXFileReference; lastKnownFileType = file.xib; name = en; path = en.lproj/MainMenu.xib; sourceTree = "<group>"; };
/* End PBXFileReference section */

/* Begin PBXFrameworksBuildPhase section */
		DD4F7C0113C30F9F00825C6E /* Frameworks */ = {
			isa = PBXFrameworksBuildPhase;
			buildActionMask = 2147483647;
			files = (
				847835EF17A0EABD0050EBA6 /* QuartzCore.framework in Frameworks */,
				DD4F7C0913C30F9F00825C6E /* Cocoa.framework in Frameworks */,
				847835EA17A0E3E30050EBA6 /* ReactiveCocoa.framework in Frameworks */,
			);
			runOnlyForDeploymentPostprocessing = 0;
		};
/* End PBXFrameworksBuildPhase section */

/* Begin PBXGroup section */
		842B008317B47F1A00EB9672 /* Controls */ = {
			isa = PBXGroup;
			children = (
				84BC7E6F17A4D8BA0091C0DB /* DSPDirectoryPickerButton.h */,
				84BC7E7017A4D8BA0091C0DB /* DSPDirectoryPickerButton.m */,
				842B008017B47C0C00EB9672 /* DSPFilenameTextField.h */,
				842B008117B47C0C00EB9672 /* DSPFilenameTextField.m */,
				84600B4C17A34A8400D3E8FE /* DSPHistoryRowView.h */,
				84600B4D17A34A8400D3E8FE /* DSPHistoryRowView.m */,
				84600B5B17A354D300D3E8FE /* DSPHistoryTableView.h */,
				84600B5C17A354D300D3E8FE /* DSPHistoryTableView.m */,
				842B007D17B47B6900EB9672 /* DSPLabel.h */,
				842B007E17B47B6900EB9672 /* DSPLabel.m */,
				8405D58517A5D60000D7990E /* DSPPNGFormatter.h */,
				8405D58617A5D60000D7990E /* DSPPNGFormatter.m */,
				842B007517B47AEC00EB9672 /* DSPShadowBox.h */,
				842B007617B47AEC00EB9672 /* DSPShadowBox.m */,
				84BC7E7A17A4DC9E0091C0DB /* DSPSpinningSettingsButton.h */,
				84BC7E7B17A4DC9E0091C0DB /* DSPSpinningSettingsButton.m */,
				8478364017A1FAE00050EBA6 /* DSPSwitch.h */,
				8478364117A1FAE00050EBA6 /* DSPSwitch.m */,
			);
			name = Controls;
			sourceTree = "<group>";
		};
		84600B4B17A31CB900D3E8FE /* MAAttachedWindow */ = {
			isa = PBXGroup;
			children = (
				84600B4317A31CB500D3E8FE /* MAAttachedWindow.h */,
				84600B4417A31CB500D3E8FE /* MAAttachedWindow.m */,
			);
			name = MAAttachedWindow;
			sourceTree = "<group>";
		};
		847835DA17A0E3AA0050EBA6 /* Products */ = {
			isa = PBXGroup;
			children = (
				847835E217A0E3AA0050EBA6 /* ReactiveCocoa.framework */,
				847835E417A0E3AA0050EBA6 /* libReactiveCocoa-iOS.a */,
				847835E617A0E3AA0050EBA6 /* ReactiveCocoaTests.octest */,
				8478360F17A0F5560050EBA6 /* ReactiveCocoaTests-iOS.octest */,
				8478361117A0F5560050EBA6 /* ReactiveCocoa-iOS-UIKitTestHost.app */,
				8478361317A0F5560050EBA6 /* ReactiveCocoa-iOS-UIKitTestHostTests.octest */,
			);
			name = Products;
			sourceTree = "<group>";
		};
		8478361F17A18FEB0050EBA6 /* Main Window */ = {
			isa = PBXGroup;
			children = (
				847835C617A0D3590050EBA6 /* DSPMainWindowController.h */,
				847835C717A0D3590050EBA6 /* DSPMainWindowController.m */,
				8478360617A0F5560050EBA6 /* DSPMainWindow.h */,
				8478360717A0F5560050EBA6 /* DSPMainWindow.m */,
				847835C917A0D3650050EBA6 /* DSPMainViewController.h */,
				847835CA17A0D3650050EBA6 /* DSPMainViewController.m */,
				847835D417A0DB670050EBA6 /* DSPMainView.h */,
				847835D517A0DB670050EBA6 /* DSPMainView.m */,
				8478361C17A1001F0050EBA6 /* DSPMainViewModel.h */,
				8478361D17A1001F0050EBA6 /* DSPMainViewModel.m */,
				842B008317B47F1A00EB9672 /* Controls */,
			);
			name = "Main Window";
			sourceTree = "<group>";
		};
		8478362017A18FF50050EBA6 /* Preferences */ = {
			isa = PBXGroup;
			children = (
				8405D58217A5C4D500D7990E /* DSPPreferencesWindow.h */,
				8405D58317A5C4D500D7990E /* DSPPreferencesWindow.m */,
				8478362A17A198860050EBA6 /* DSPPreferencesViewController.h */,
				8478362B17A198860050EBA6 /* DSPPreferencesViewController.m */,
				8478364717A205D50050EBA6 /* DSPLaunchServicesManager.h */,
				8478364817A205D50050EBA6 /* DSPLaunchServicesManager.m */,
			);
			name = Preferences;
			sourceTree = "<group>";
		};
		8478363617A19FCE0050EBA6 /* JNWAnimatableWIndow */ = {
			isa = PBXGroup;
			children = (
				8478361517A0F6A10050EBA6 /* JNWAnimatableWindow.h */,
				8478361617A0F6A10050EBA6 /* JNWAnimatableWindow.m */,
			);
			name = JNWAnimatableWIndow;
			sourceTree = "<group>";
		};
		8478363717A19FDB0050EBA6 /* External */ = {
			isa = PBXGroup;
			children = (
				8405D58817A5E06D00D7990E /* LIEffect.h */,
				8405D58917A5E06D00D7990E /* LIEffect.m */,
				8405D58A17A5E06D00D7990E /* LIFlipEffect.h */,
				8405D58B17A5E06D00D7990E /* LIFlipEffect.m */,
				84600B4B17A31CB900D3E8FE /* MAAttachedWindow */,
				8478363617A19FCE0050EBA6 /* JNWAnimatableWIndow */,
				8478365B17A221490050EBA6 /* NSColor+DSPExtensions.h */,
				8478365C17A221490050EBA6 /* NSColor+DSPExtensions.m */,
			);
			name = External;
			sourceTree = "<group>";
		};
		DD4F7BF913C30F9F00825C6E = {
			isa = PBXGroup;
			children = (
				847835D917A0E3AA0050EBA6 /* ReactiveCocoa.xcodeproj */,
				DD4F7C0E13C30F9F00825C6E /* DotSnap */,
				DD4F7C2813C3123E00825C6E /* User Interface */,
				DD4F7C0713C30F9F00825C6E /* Frameworks */,
				DD4F7C0513C30F9F00825C6E /* Products */,
			);
			sourceTree = "<group>";
		};
		DD4F7C0513C30F9F00825C6E /* Products */ = {
			isa = PBXGroup;
			children = (
				DD4F7C0413C30F9F00825C6E /* DotSnap.app */,
			);
			name = Products;
			sourceTree = "<group>";
		};
		DD4F7C0713C30F9F00825C6E /* Frameworks */ = {
			isa = PBXGroup;
			children = (
				8478363E17A1F9B20050EBA6 /* CoreGraphics.framework */,
				8478363C17A1F9AB0050EBA6 /* CoreServices.framework */,
				8478363817A1F93D0050EBA6 /* CoreText.framework */,
				847835EE17A0EABD0050EBA6 /* QuartzCore.framework */,
				DD4F7C0B13C30F9F00825C6E /* AppKit.framework */,
				DD4F7C0C13C30F9F00825C6E /* CoreData.framework */,
				DD4F7C0D13C30F9F00825C6E /* Foundation.framework */,
				DD4F7C0813C30F9F00825C6E /* Cocoa.framework */,
			);
			name = Frameworks;
			sourceTree = "<group>";
		};
		DD4F7C0E13C30F9F00825C6E /* DotSnap */ = {
			isa = PBXGroup;
			children = (
				847835C317A0D2750050EBA6 /* DSPAppDelegate.h */,
				847835C417A0D2750050EBA6 /* DSPAppDelegate.m */,
				8478362017A18FF50050EBA6 /* Preferences */,
				8478361F17A18FEB0050EBA6 /* Main Window */,
				8478363717A19FDB0050EBA6 /* External */,
				DD4F7C0F13C30F9F00825C6E /* Supporting Files */,
			);
			path = DotSnap;
			sourceTree = "<group>";
		};
		DD4F7C0F13C30F9F00825C6E /* Supporting Files */ = {
			isa = PBXGroup;
			children = (
				DD4F7C1413C30F9F00825C6E /* main.m */,
				DD4F7C1613C30F9F00825C6E /* DotSnap-Prefix.pch */,
				DD4F7C1013C30F9F00825C6E /* DotSnap-Info.plist */,
				8478363317A19D8F0050EBA6 /* DSPDefaults.h */,
				8478363417A19E410050EBA6 /* DSPDefaults.m */,
				8478363117A19D2B0050EBA6 /* Defaults.plist */,
			);
			name = "Supporting Files";
			sourceTree = "<group>";
		};
		DD4F7C2813C3123E00825C6E /* User Interface */ = {
			isa = PBXGroup;
			children = (
				DD4F7C4813C322D800825C6E /* Graphics */,
				DD4F7C2913C3124300825C6E /* XIBs */,
			);
			name = "User Interface";
			sourceTree = "<group>";
		};
		DD4F7C2913C3124300825C6E /* XIBs */ = {
			isa = PBXGroup;
			children = (
				DD4F7C1D13C30F9F00825C6E /* MainMenu.xib */,
			);
			name = XIBs;
			sourceTree = "<group>";
		};
		DD4F7C4813C322D800825C6E /* Graphics */ = {
			isa = PBXGroup;
			children = (
				8405D55F17A4F1C700D7990E /* checkmark.png */,
				8405D56017A4F1C700D7990E /* checkmark@2x.png */,
				84BC7E5717A4D1D00091C0DB /* dotsnapp_appicon_normal.png */,
				84BC7E5817A4D1D00091C0DB /* dotsnapp_appicon_normal@2x.png */,
				84BC7E5917A4D1D00091C0DB /* dotsnapp_appicon_white_active.png */,
				84BC7E5A17A4D1D00091C0DB /* dotsnapp_appicon_white_active@2x.png */,
				84BC7E5F17A4D8820091C0DB /* Browse_Arrow_Hover.png */,
				84BC7E6017A4D8820091C0DB /* Browse_Arrow_Hover@2x.png */,
				84BC7E6117A4D8820091C0DB /* Browse_Arrow.png */,
				84BC7E6217A4D8820091C0DB /* Browse_Arrow@2x.png */,
				84BC7E6317A4D8820091C0DB /* BrowseCircle_hover.png */,
				84BC7E6417A4D8820091C0DB /* BrowseCircle_hover@2x.png */,
				84BC7E6517A4D8820091C0DB /* BrowseCircle.png */,
				84BC7E6617A4D8820091C0DB /* BrowseCircle@2x.png */,
				84FC868E17A3191000955E40 /* DotSnapPreferencesLogo.png */,
				8405D57E17A5A8D700D7990E /* SettingsWhite.png */,
				8405D57F17A5A8D700D7990E /* SettingsWhite@2x.png */,
				84BC7E7217A4DC750091C0DB /* Settings_DarkHover.png */,
				84BC7E7317A4DC750091C0DB /* Settings_DarkHover@2x.png */,
				84BC7E7417A4DC750091C0DB /* Settings_Normal.png */,
				84BC7E7517A4DC750091C0DB /* Settings_Normal@2x.png */,
				84FC869617A3191000955E40 /* SwitchCheckmark.png */,
				84FC869717A3191000955E40 /* SwitchXmark.png */,
			);
			name = Graphics;
			sourceTree = "<group>";
		};
/* End PBXGroup section */

/* Begin PBXNativeTarget section */
		DD4F7C0313C30F9F00825C6E /* DotSnap */ = {
			isa = PBXNativeTarget;
			buildConfigurationList = DD4F7C2213C30F9F00825C6E /* Build configuration list for PBXNativeTarget "DotSnap" */;
			buildPhases = (
				DD4F7C0013C30F9F00825C6E /* Sources */,
				DD4F7C0113C30F9F00825C6E /* Frameworks */,
				DD4F7C0213C30F9F00825C6E /* Resources */,
				84BA5AD317A0C3BE00A45952 /* CopyFiles */,
			);
			buildRules = (
			);
			dependencies = (
				847835E817A0E3CD0050EBA6 /* PBXTargetDependency */,
			);
			name = DotSnap;
			productName = DotSnap;
			productReference = DD4F7C0413C30F9F00825C6E /* DotSnap.app */;
			productType = "com.apple.product-type.application";
		};
/* End PBXNativeTarget section */

/* Begin PBXProject section */
		DD4F7BFB13C30F9F00825C6E /* Project object */ = {
			isa = PBXProject;
			attributes = {
				CLASSPREFIX = DSP;
				LastUpgradeCheck = 0500;
			};
			buildConfigurationList = DD4F7BFE13C30F9F00825C6E /* Build configuration list for PBXProject "DotSnap" */;
			compatibilityVersion = "Xcode 3.2";
			developmentRegion = English;
			hasScannedForEncodings = 0;
			knownRegions = (
				en,
			);
			mainGroup = DD4F7BF913C30F9F00825C6E;
			productRefGroup = DD4F7C0513C30F9F00825C6E /* Products */;
			projectDirPath = "";
			projectReferences = (
				{
					ProductGroup = 847835DA17A0E3AA0050EBA6 /* Products */;
					ProjectRef = 847835D917A0E3AA0050EBA6 /* ReactiveCocoa.xcodeproj */;
				},
			);
			projectRoot = "";
			targets = (
				DD4F7C0313C30F9F00825C6E /* DotSnap */,
			);
		};
/* End PBXProject section */

/* Begin PBXReferenceProxy section */
		847835E217A0E3AA0050EBA6 /* ReactiveCocoa.framework */ = {
			isa = PBXReferenceProxy;
			fileType = wrapper.framework;
			path = ReactiveCocoa.framework;
			remoteRef = 847835E117A0E3AA0050EBA6 /* PBXContainerItemProxy */;
			sourceTree = BUILT_PRODUCTS_DIR;
		};
		847835E417A0E3AA0050EBA6 /* libReactiveCocoa-iOS.a */ = {
			isa = PBXReferenceProxy;
			fileType = archive.ar;
			path = "libReactiveCocoa-iOS.a";
			remoteRef = 847835E317A0E3AA0050EBA6 /* PBXContainerItemProxy */;
			sourceTree = BUILT_PRODUCTS_DIR;
		};
		847835E617A0E3AA0050EBA6 /* ReactiveCocoaTests.octest */ = {
			isa = PBXReferenceProxy;
			fileType = wrapper.cfbundle;
			path = ReactiveCocoaTests.octest;
			remoteRef = 847835E517A0E3AA0050EBA6 /* PBXContainerItemProxy */;
			sourceTree = BUILT_PRODUCTS_DIR;
		};
		8478360F17A0F5560050EBA6 /* ReactiveCocoaTests-iOS.octest */ = {
			isa = PBXReferenceProxy;
			fileType = wrapper.cfbundle;
			path = "ReactiveCocoaTests-iOS.octest";
			remoteRef = 8478360E17A0F5560050EBA6 /* PBXContainerItemProxy */;
			sourceTree = BUILT_PRODUCTS_DIR;
		};
		8478361117A0F5560050EBA6 /* ReactiveCocoa-iOS-UIKitTestHost.app */ = {
			isa = PBXReferenceProxy;
			fileType = wrapper.application;
			path = "ReactiveCocoa-iOS-UIKitTestHost.app";
			remoteRef = 8478361017A0F5560050EBA6 /* PBXContainerItemProxy */;
			sourceTree = BUILT_PRODUCTS_DIR;
		};
		8478361317A0F5560050EBA6 /* ReactiveCocoa-iOS-UIKitTestHostTests.octest */ = {
			isa = PBXReferenceProxy;
			fileType = wrapper.cfbundle;
			path = "ReactiveCocoa-iOS-UIKitTestHostTests.octest";
			remoteRef = 8478361217A0F5560050EBA6 /* PBXContainerItemProxy */;
			sourceTree = BUILT_PRODUCTS_DIR;
		};
/* End PBXReferenceProxy section */

/* Begin PBXResourcesBuildPhase section */
		DD4F7C0213C30F9F00825C6E /* Resources */ = {
			isa = PBXResourcesBuildPhase;
			buildActionMask = 2147483647;
			files = (
				DD4F7C1F13C30F9F00825C6E /* MainMenu.xib in Resources */,
				84BC7E7717A4DC750091C0DB /* Settings_DarkHover@2x.png in Resources */,
				8405D58017A5A8D700D7990E /* SettingsWhite.png in Resources */,
				84FC869917A3191000955E40 /* DotSnapPreferencesLogo.png in Resources */,
				84BC7E6D17A4D8820091C0DB /* BrowseCircle.png in Resources */,
				84BC7E5B17A4D1D00091C0DB /* dotsnapp_appicon_normal.png in Resources */,
				84BC7E7917A4DC750091C0DB /* Settings_Normal@2x.png in Resources */,
				84BC7E7817A4DC750091C0DB /* Settings_Normal.png in Resources */,
				84FC86A117A3191000955E40 /* SwitchCheckmark.png in Resources */,
				84BC7E7617A4DC750091C0DB /* Settings_DarkHover.png in Resources */,
				84BC7E6817A4D8820091C0DB /* Browse_Arrow_Hover@2x.png in Resources */,
				84BC7E5C17A4D1D00091C0DB /* dotsnapp_appicon_normal@2x.png in Resources */,
				84BC7E5D17A4D1D00091C0DB /* dotsnapp_appicon_white_active.png in Resources */,
				8405D56117A4F1C700D7990E /* checkmark.png in Resources */,
				84BC7E5E17A4D1D00091C0DB /* dotsnapp_appicon_white_active@2x.png in Resources */,
				84FC86A217A3191000955E40 /* SwitchXmark.png in Resources */,
				84BC7E6717A4D8820091C0DB /* Browse_Arrow_Hover.png in Resources */,
				84BC7E6A17A4D8820091C0DB /* Browse_Arrow@2x.png in Resources */,
				8405D58117A5A8D700D7990E /* SettingsWhite@2x.png in Resources */,
				84BC7E6C17A4D8820091C0DB /* BrowseCircle_hover@2x.png in Resources */,
				84BC7E6E17A4D8820091C0DB /* BrowseCircle@2x.png in Resources */,
				8478363217A19D2B0050EBA6 /* Defaults.plist in Resources */,
				84BC7E6B17A4D8820091C0DB /* BrowseCircle_hover.png in Resources */,
				8405D56217A4F1C700D7990E /* checkmark@2x.png in Resources */,
				84BC7E6917A4D8820091C0DB /* Browse_Arrow.png in Resources */,
			);
			runOnlyForDeploymentPostprocessing = 0;
		};
/* End PBXResourcesBuildPhase section */

/* Begin PBXSourcesBuildPhase section */
		DD4F7C0013C30F9F00825C6E /* Sources */ = {
			isa = PBXSourcesBuildPhase;
			buildActionMask = 2147483647;
			files = (
				8405D58417A5C4D500D7990E /* DSPPreferencesWindow.m in Sources */,
				84600B4E17A34A8400D3E8FE /* DSPHistoryRowView.m in Sources */,
				DD4F7C1513C30F9F00825C6E /* main.m in Sources */,
				847835C517A0D2750050EBA6 /* DSPAppDelegate.m in Sources */,
				8405D58717A5D60000D7990E /* DSPPNGFormatter.m in Sources */,
				847835C817A0D3590050EBA6 /* DSPMainWindowController.m in Sources */,
				84BC7E7117A4D8BA0091C0DB /* DSPDirectoryPickerButton.m in Sources */,
				847835CB17A0D3650050EBA6 /* DSPMainViewController.m in Sources */,
				847835D617A0DB670050EBA6 /* DSPMainView.m in Sources */,
				842B007717B47AEC00EB9672 /* DSPShadowBox.m in Sources */,
				8478360817A0F5560050EBA6 /* DSPMainWindow.m in Sources */,
				84BC7E7C17A4DC9E0091C0DB /* DSPSpinningSettingsButton.m in Sources */,
				842B007F17B47B6900EB9672 /* DSPLabel.m in Sources */,
				8478361717A0F6A10050EBA6 /* JNWAnimatableWindow.m in Sources */,
				8478361E17A1001F0050EBA6 /* DSPMainViewModel.m in Sources */,
				8478362C17A198860050EBA6 /* DSPPreferencesViewController.m in Sources */,
				84600B4517A31CB500D3E8FE /* MAAttachedWindow.m in Sources */,
				8478363517A19E410050EBA6 /* DSPDefaults.m in Sources */,
				842B008217B47C0C00EB9672 /* DSPFilenameTextField.m in Sources */,
				84600B5D17A354D300D3E8FE /* DSPHistoryTableView.m in Sources */,
				8478364217A1FAE00050EBA6 /* DSPSwitch.m in Sources */,
				8478364917A205D50050EBA6 /* DSPLaunchServicesManager.m in Sources */,
				8405D58D17A5E06D00D7990E /* LIFlipEffect.m in Sources */,
				8405D58C17A5E06D00D7990E /* LIEffect.m in Sources */,
				8478365D17A221490050EBA6 /* NSColor+DSPExtensions.m in Sources */,
			);
			runOnlyForDeploymentPostprocessing = 0;
		};
/* End PBXSourcesBuildPhase section */

/* Begin PBXTargetDependency section */
		847835E817A0E3CD0050EBA6 /* PBXTargetDependency */ = {
			isa = PBXTargetDependency;
			name = ReactiveCocoa;
			targetProxy = 847835E717A0E3CD0050EBA6 /* PBXContainerItemProxy */;
		};
/* End PBXTargetDependency section */

/* Begin PBXVariantGroup section */
		DD4F7C1D13C30F9F00825C6E /* MainMenu.xib */ = {
			isa = PBXVariantGroup;
			children = (
				DD4F7C1E13C30F9F00825C6E /* en */,
			);
			name = MainMenu.xib;
			path = DotSnap;
			sourceTree = "<group>";
		};
/* End PBXVariantGroup section */

/* Begin XCBuildConfiguration section */
		DD4F7C2013C30F9F00825C6E /* Debug */ = {
			isa = XCBuildConfiguration;
			buildSettings = {
				ALWAYS_SEARCH_USER_PATHS = NO;
				CLANG_WARN_BOOL_CONVERSION = YES;
				CLANG_WARN_CONSTANT_CONVERSION = YES;
				CLANG_WARN_EMPTY_BODY = YES;
				CLANG_WARN_ENUM_CONVERSION = YES;
				CLANG_WARN_INT_CONVERSION = YES;
				CLANG_WARN__DUPLICATE_METHOD_MATCH = YES;
				COPY_PHASE_STRIP = NO;
				GCC_C_LANGUAGE_STANDARD = gnu99;
				GCC_DYNAMIC_NO_PIC = NO;
				GCC_ENABLE_OBJC_EXCEPTIONS = YES;
				GCC_OPTIMIZATION_LEVEL = 0;
				GCC_PREPROCESSOR_DEFINITIONS = (
					"DEBUG=1",
					"$(inherited)",
				);
				GCC_SYMBOLS_PRIVATE_EXTERN = NO;
				GCC_VERSION = com.apple.compilers.llvm.clang.1_0;
				GCC_WARN_64_TO_32_BIT_CONVERSION = YES;
				GCC_WARN_ABOUT_MISSING_PROTOTYPES = YES;
				GCC_WARN_ABOUT_RETURN_TYPE = YES;
				GCC_WARN_UNDECLARED_SELECTOR = YES;
				GCC_WARN_UNINITIALIZED_AUTOS = YES;
				GCC_WARN_UNUSED_FUNCTION = YES;
				GCC_WARN_UNUSED_VARIABLE = YES;
				MACOSX_DEPLOYMENT_TARGET = 10.7;
				ONLY_ACTIVE_ARCH = YES;
				SDKROOT = macosx;
			};
			name = Debug;
		};
		DD4F7C2113C30F9F00825C6E /* Release */ = {
			isa = XCBuildConfiguration;
			buildSettings = {
				ALWAYS_SEARCH_USER_PATHS = NO;
				CLANG_WARN_BOOL_CONVERSION = YES;
				CLANG_WARN_CONSTANT_CONVERSION = YES;
				CLANG_WARN_EMPTY_BODY = YES;
				CLANG_WARN_ENUM_CONVERSION = YES;
				CLANG_WARN_INT_CONVERSION = YES;
				CLANG_WARN__DUPLICATE_METHOD_MATCH = YES;
				COPY_PHASE_STRIP = YES;
				DEBUG_INFORMATION_FORMAT = "dwarf-with-dsym";
				GCC_C_LANGUAGE_STANDARD = gnu99;
				GCC_ENABLE_OBJC_EXCEPTIONS = YES;
				GCC_VERSION = com.apple.compilers.llvm.clang.1_0;
				GCC_WARN_64_TO_32_BIT_CONVERSION = YES;
				GCC_WARN_ABOUT_MISSING_PROTOTYPES = YES;
				GCC_WARN_ABOUT_RETURN_TYPE = YES;
				GCC_WARN_UNDECLARED_SELECTOR = YES;
				GCC_WARN_UNINITIALIZED_AUTOS = YES;
				GCC_WARN_UNUSED_FUNCTION = YES;
				GCC_WARN_UNUSED_VARIABLE = YES;
				MACOSX_DEPLOYMENT_TARGET = 10.7;
				SDKROOT = macosx;
			};
			name = Release;
		};
		DD4F7C2313C30F9F00825C6E /* Debug */ = {
			isa = XCBuildConfiguration;
			buildSettings = {
				CLANG_ENABLE_OBJC_ARC = YES;
				CODE_SIGN_IDENTITY = "Mac Developer: Robert Widmann (MJPWE9M54S)";
				COMBINE_HIDPI_IMAGES = YES;
				GCC_PRECOMPILE_PREFIX_HEADER = YES;
				GCC_PREFIX_HEADER = "DotSnap/DotSnap-Prefix.pch";
				INFOPLIST_FILE = "DotSnap/DotSnap-Info.plist";
				LD_RUNPATH_SEARCH_PATHS = "@loader_path/../Frameworks";
				MACOSX_DEPLOYMENT_TARGET = 10.7;
				PRODUCT_NAME = DotSnap;
				SDKROOT = macosx;
				WRAPPER_EXTENSION = app;
			};
			name = Debug;
		};
		DD4F7C2413C30F9F00825C6E /* Release */ = {
			isa = XCBuildConfiguration;
			buildSettings = {
				CLANG_ENABLE_OBJC_ARC = YES;
				CODE_SIGN_IDENTITY = "Mac Developer: Robert Widmann (MJPWE9M54S)";
				COMBINE_HIDPI_IMAGES = YES;
				GCC_PRECOMPILE_PREFIX_HEADER = YES;
				GCC_PREFIX_HEADER = "DotSnap/DotSnap-Prefix.pch";
				INFOPLIST_FILE = "DotSnap/DotSnap-Info.plist";
				LD_RUNPATH_SEARCH_PATHS = "@loader_path/../Frameworks";
				MACOSX_DEPLOYMENT_TARGET = 10.7;
				PRODUCT_NAME = DotSnap;
				SDKROOT = macosx;
				WRAPPER_EXTENSION = app;
			};
			name = Release;
		};
/* End XCBuildConfiguration section */

/* Begin XCConfigurationList section */
		DD4F7BFE13C30F9F00825C6E /* Build configuration list for PBXProject "DotSnap" */ = {
			isa = XCConfigurationList;
			buildConfigurations = (
				DD4F7C2013C30F9F00825C6E /* Debug */,
				DD4F7C2113C30F9F00825C6E /* Release */,
			);
			defaultConfigurationIsVisible = 0;
			defaultConfigurationName = Release;
		};
		DD4F7C2213C30F9F00825C6E /* Build configuration list for PBXNativeTarget "DotSnap" */ = {
			isa = XCConfigurationList;
			buildConfigurations = (
				DD4F7C2313C30F9F00825C6E /* Debug */,
				DD4F7C2413C30F9F00825C6E /* Release */,
			);
			defaultConfigurationIsVisible = 0;
			defaultConfigurationName = Release;
		};
/* End XCConfigurationList section */
	};
	rootObject = DD4F7BFB13C30F9F00825C6E /* Project object */;
}
