// !$*UTF8*$!
{
	archiveVersion = 1;
	classes = {
	};
	objectVersion = 46;
	objects = {

/* Begin PBXBuildFile section */
		840097E017D6F9840085001E /* MainMenu.xib in Resources */ = {isa = PBXBuildFile; fileRef = 840097DE17D6F9840085001E /* MainMenu.xib */; };
		840BF861183D7CB00061E528 /* LIEffect.m in Sources */ = {isa = PBXBuildFile; fileRef = 840BF85E183D7CB00061E528 /* LIEffect.m */; settings = {COMPILER_FLAGS = "-fno-objc-arc"; }; };
		840BF862183D7CB00061E528 /* LIFlipEffect.m in Sources */ = {isa = PBXBuildFile; fileRef = 840BF860183D7CB00061E528 /* LIFlipEffect.m */; settings = {COMPILER_FLAGS = "-fno-objc-arc"; }; };
		84110A3D17FCE155009EED29 /* PFMoveApplication.m in Sources */ = {isa = PBXBuildFile; fileRef = 84110A3C17FCE155009EED29 /* PFMoveApplication.m */; settings = {COMPILER_FLAGS = "-fno-objc-arc"; }; };
		84110A4617FCE1B0009EED29 /* NSString+SymlinksAndAliases.m in Sources */ = {isa = PBXBuildFile; fileRef = 84110A4517FCE1B0009EED29 /* NSString+SymlinksAndAliases.m */; settings = {COMPILER_FLAGS = "-fno-objc-arc"; }; };
		84110A4817FCE1F7009EED29 /* Security.framework in Frameworks */ = {isa = PBXBuildFile; fileRef = 84110A4717FCE1F7009EED29 /* Security.framework */; };
		844C321B17D6CBF8008EC5D4 /* QuartzCore.framework in Frameworks */ = {isa = PBXBuildFile; fileRef = 847835EE17A0EABD0050EBA6 /* QuartzCore.framework */; };
		8455744B17D54CC3007CA2AB /* PreferencesLogo.png in Resources */ = {isa = PBXBuildFile; fileRef = 842B00A017B5F40500EB9672 /* PreferencesLogo.png */; };
		8455744C17D54CC3007CA2AB /* PreferencesLogo@2x.png in Resources */ = {isa = PBXBuildFile; fileRef = 842B009F17B5F40500EB9672 /* PreferencesLogo@2x.png */; };
		8455745617D6C540007CA2AB /* ServiceManagement.framework in Frameworks */ = {isa = PBXBuildFile; fileRef = 8455745517D6C540007CA2AB /* ServiceManagement.framework */; };
		84808E5C17CA67C9002A6288 /* Cocoa.framework in Frameworks */ = {isa = PBXBuildFile; fileRef = DD4F7C0813C30F9F00825C6E /* Cocoa.framework */; };
		84808E7B17CA67C9002A6288 /* XCTest.framework in Frameworks */ = {isa = PBXBuildFile; fileRef = 84808E7A17CA67C9002A6288 /* XCTest.framework */; };
		84808E7C17CA67C9002A6288 /* Cocoa.framework in Frameworks */ = {isa = PBXBuildFile; fileRef = DD4F7C0813C30F9F00825C6E /* Cocoa.framework */; };
		84808E8417CA67C9002A6288 /* InfoPlist.strings in Resources */ = {isa = PBXBuildFile; fileRef = 84808E8217CA67C9002A6288 /* InfoPlist.strings */; };
		84808E8617CA67C9002A6288 /* DotSnapTests.m in Sources */ = {isa = PBXBuildFile; fileRef = 84808E8517CA67C9002A6288 /* DotSnapTests.m */; };
		84808E8D17CA6826002A6288 /* DSPApplicationDelegate.m in Sources */ = {isa = PBXBuildFile; fileRef = 847835C417A0D2750050EBA6 /* DSPApplicationDelegate.m */; };
		84808E8E17CA6826002A6288 /* DSPPreferencesWindow.m in Sources */ = {isa = PBXBuildFile; fileRef = 8405D58317A5C4D500D7990E /* DSPPreferencesWindow.m */; };
		84808E8F17CA6826002A6288 /* DSPPreferencesViewController.m in Sources */ = {isa = PBXBuildFile; fileRef = 8478362B17A198860050EBA6 /* DSPPreferencesViewController.m */; };
		84808E9017CA6826002A6288 /* DSPLaunchServicesManager.m in Sources */ = {isa = PBXBuildFile; fileRef = 8478364817A205D50050EBA6 /* DSPLaunchServicesManager.m */; };
		84808E9117CA6826002A6288 /* DSPPreferencesFieldBackgroundView.m in Sources */ = {isa = PBXBuildFile; fileRef = 84D3475717BC96CB0060A937 /* DSPPreferencesFieldBackgroundView.m */; };
		84808E9217CA6826002A6288 /* DSPPreferencesShadowBox.m in Sources */ = {isa = PBXBuildFile; fileRef = 84D3475417BC8EA30060A937 /* DSPPreferencesShadowBox.m */; };
		84808E9317CA6826002A6288 /* DSPMainWindowController.m in Sources */ = {isa = PBXBuildFile; fileRef = 847835C717A0D3590050EBA6 /* DSPMainWindowController.m */; };
		84808E9417CA6826002A6288 /* DSPMainWindow.m in Sources */ = {isa = PBXBuildFile; fileRef = 8478360717A0F5560050EBA6 /* DSPMainWindow.m */; };
		84808E9517CA6826002A6288 /* DSPMainViewController.m in Sources */ = {isa = PBXBuildFile; fileRef = 847835CA17A0D3650050EBA6 /* DSPMainViewController.m */; };
		84808E9617CA6826002A6288 /* DSPMainView.m in Sources */ = {isa = PBXBuildFile; fileRef = 847835D517A0DB670050EBA6 /* DSPMainView.m */; };
		84808E9717CA6826002A6288 /* DSPBackgroundView.m in Sources */ = {isa = PBXBuildFile; fileRef = 842B028917B8256800EB9672 /* DSPBackgroundView.m */; };
		84808E9817CA6826002A6288 /* DSPMainViewModel.m in Sources */ = {isa = PBXBuildFile; fileRef = 8478361D17A1001F0050EBA6 /* DSPMainViewModel.m */; };
		84808E9917CA6826002A6288 /* DSPDirectoryPickerButton.m in Sources */ = {isa = PBXBuildFile; fileRef = 84BC7E7017A4D8BA0091C0DB /* DSPDirectoryPickerButton.m */; };
		84808E9A17CA6826002A6288 /* DSPFilenameTextField.m in Sources */ = {isa = PBXBuildFile; fileRef = 842B008117B47C0C00EB9672 /* DSPFilenameTextField.m */; };
		84808E9B17CA6826002A6288 /* DSPGlowingNameButton.m in Sources */ = {isa = PBXBuildFile; fileRef = 842B008A17B489A600EB9672 /* DSPGlowingNameButton.m */; };
		84808E9C17CA6826002A6288 /* DSPLogoButton.m in Sources */ = {isa = PBXBuildFile; fileRef = 84955B7C17C1425B00095106 /* DSPLogoButton.m */; };
		84808E9D17CA6826002A6288 /* DSPHistoryRowView.m in Sources */ = {isa = PBXBuildFile; fileRef = 84600B4D17A34A8400D3E8FE /* DSPHistoryRowView.m */; };
		84808E9E17CA6826002A6288 /* DSPHistoryTableView.m in Sources */ = {isa = PBXBuildFile; fileRef = 84600B5C17A354D300D3E8FE /* DSPHistoryTableView.m */; };
		84808E9F17CA6826002A6288 /* DSPLabel.m in Sources */ = {isa = PBXBuildFile; fileRef = 842B007E17B47B6900EB9672 /* DSPLabel.m */; };
		84808EA017CA6826002A6288 /* DSPMenuBarWindowIconView.m in Sources */ = {isa = PBXBuildFile; fileRef = 842B009D17B5915900EB9672 /* DSPMenuBarWindowIconView.m */; };
		84808EA117CA6826002A6288 /* DSPPNGFormatter.m in Sources */ = {isa = PBXBuildFile; fileRef = 8405D58617A5D60000D7990E /* DSPPNGFormatter.m */; };
		84808EA217CA6826002A6288 /* DSPShadowBox.m in Sources */ = {isa = PBXBuildFile; fileRef = 842B007617B47AEC00EB9672 /* DSPShadowBox.m */; };
		84808EA317CA6826002A6288 /* DSPSpinningSettingsButton.m in Sources */ = {isa = PBXBuildFile; fileRef = 84BC7E7B17A4DC9E0091C0DB /* DSPSpinningSettingsButton.m */; };
		84808EA417CA6826002A6288 /* DSPSwitch.m in Sources */ = {isa = PBXBuildFile; fileRef = 8478364117A1FAE00050EBA6 /* DSPSwitch.m */; };
		84808EA517CA6826002A6288 /* NSColor+DSPExtensions.m in Sources */ = {isa = PBXBuildFile; fileRef = 8478365C17A221490050EBA6 /* NSColor+DSPExtensions.m */; settings = {COMPILER_FLAGS = "-fno-objc-arc"; }; };
		84808EA817CA6826002A6288 /* MAAttachedWindow.m in Sources */ = {isa = PBXBuildFile; fileRef = 84600B4417A31CB500D3E8FE /* MAAttachedWindow.m */; settings = {COMPILER_FLAGS = "-fno-objc-arc"; }; };
		84808EA917CA6826002A6288 /* JNWAnimatableWindow.m in Sources */ = {isa = PBXBuildFile; fileRef = 8478361617A0F6A10050EBA6 /* JNWAnimatableWindow.m */; };
		84808EAA17CA6826002A6288 /* main.m in Sources */ = {isa = PBXBuildFile; fileRef = DD4F7C1413C30F9F00825C6E /* main.m */; };
		84808EAB17CA6826002A6288 /* DSPDefaults.m in Sources */ = {isa = PBXBuildFile; fileRef = 8478363417A19E410050EBA6 /* DSPDefaults.m */; };
		84808EB017CA6841002A6288 /* TopPartArrow.png in Resources */ = {isa = PBXBuildFile; fileRef = 84D3475B17BD3D1E0060A937 /* TopPartArrow.png */; };
		84808EB117CA6841002A6288 /* TopPartArrow@2x.png in Resources */ = {isa = PBXBuildFile; fileRef = 84D3475C17BD3D1E0060A937 /* TopPartArrow@2x.png */; };
		84808EB217CA6841002A6288 /* Checkmark.png in Resources */ = {isa = PBXBuildFile; fileRef = 842B009617B58D3D00EB9672 /* Checkmark.png */; };
		84808EB317CA6841002A6288 /* Checkmark@2x.png in Resources */ = {isa = PBXBuildFile; fileRef = 842B009717B58D3D00EB9672 /* Checkmark@2x.png */; };
		84808EB417CA6841002A6288 /* MenubarIcon.png in Resources */ = {isa = PBXBuildFile; fileRef = 84BC7E5717A4D1D00091C0DB /* MenubarIcon.png */; };
		84808EB517CA6841002A6288 /* MenubarIcon@2x.png in Resources */ = {isa = PBXBuildFile; fileRef = 84BC7E5817A4D1D00091C0DB /* MenubarIcon@2x.png */; };
		84808EB617CA6841002A6288 /* MenubarIcon_Highlighted.png in Resources */ = {isa = PBXBuildFile; fileRef = 84BC7E5917A4D1D00091C0DB /* MenubarIcon_Highlighted.png */; };
		84808EB717CA6841002A6288 /* MenubarIcon_Highlighted@2x.png in Resources */ = {isa = PBXBuildFile; fileRef = 84BC7E5A17A4D1D00091C0DB /* MenubarIcon_Highlighted@2x.png */; };
		84808EB817CA6841002A6288 /* Browse_Arrow.png in Resources */ = {isa = PBXBuildFile; fileRef = 84BC7E6117A4D8820091C0DB /* Browse_Arrow.png */; };
		84808EB917CA6841002A6288 /* Browse_Arrow@2x.png in Resources */ = {isa = PBXBuildFile; fileRef = 84BC7E6217A4D8820091C0DB /* Browse_Arrow@2x.png */; };
		84808EBA17CA6841002A6288 /* Browse_Arrow_Hover.png in Resources */ = {isa = PBXBuildFile; fileRef = 84BC7E5F17A4D8820091C0DB /* Browse_Arrow_Hover.png */; };
		84808EBB17CA6841002A6288 /* Browse_Arrow_Hover@2x.png in Resources */ = {isa = PBXBuildFile; fileRef = 84BC7E6017A4D8820091C0DB /* Browse_Arrow_Hover@2x.png */; };
		84808EBC17CA6841002A6288 /* BrowseCircle.png in Resources */ = {isa = PBXBuildFile; fileRef = 84BC7E6517A4D8820091C0DB /* BrowseCircle.png */; };
		84808EBD17CA6841002A6288 /* BrowseCircle@2x.png in Resources */ = {isa = PBXBuildFile; fileRef = 84BC7E6617A4D8820091C0DB /* BrowseCircle@2x.png */; };
		84808EBE17CA6841002A6288 /* BrowseCircle_Hover.png in Resources */ = {isa = PBXBuildFile; fileRef = 842B009017B58C0000EB9672 /* BrowseCircle_Hover.png */; };
		84808EBF17CA6841002A6288 /* BrowseCircle_Hover@2x.png in Resources */ = {isa = PBXBuildFile; fileRef = 842B009117B58C0000EB9672 /* BrowseCircle_Hover@2x.png */; };
		84808EC217CA6841002A6288 /* SettingsWhite.png in Resources */ = {isa = PBXBuildFile; fileRef = 8405D57E17A5A8D700D7990E /* SettingsWhite.png */; };
		84808EC317CA6841002A6288 /* SettingsWhite@2x.png in Resources */ = {isa = PBXBuildFile; fileRef = 8405D57F17A5A8D700D7990E /* SettingsWhite@2x.png */; };
		84808EC417CA6841002A6288 /* Settings_DarkHover.png in Resources */ = {isa = PBXBuildFile; fileRef = 84BC7E7217A4DC750091C0DB /* Settings_DarkHover.png */; };
		84808EC517CA6841002A6288 /* Settings_DarkHover@2x.png in Resources */ = {isa = PBXBuildFile; fileRef = 84BC7E7317A4DC750091C0DB /* Settings_DarkHover@2x.png */; };
		84808EC617CA6841002A6288 /* Settings_Normal.png in Resources */ = {isa = PBXBuildFile; fileRef = 84BC7E7417A4DC750091C0DB /* Settings_Normal.png */; };
		84808EC717CA6841002A6288 /* Settings_Normal@2x.png in Resources */ = {isa = PBXBuildFile; fileRef = 84BC7E7517A4DC750091C0DB /* Settings_Normal@2x.png */; };
		84808EC817CA6841002A6288 /* SwitchCheckmark.png in Resources */ = {isa = PBXBuildFile; fileRef = 842B027517B7612600EB9672 /* SwitchCheckmark.png */; };
		84808EC917CA6841002A6288 /* SwitchCheckmark@2x.png in Resources */ = {isa = PBXBuildFile; fileRef = 842B027617B7612600EB9672 /* SwitchCheckmark@2x.png */; };
		84808ECA17CA6841002A6288 /* SwitchXMark.png in Resources */ = {isa = PBXBuildFile; fileRef = 842B027717B7612600EB9672 /* SwitchXMark.png */; };
		84808ECB17CA6841002A6288 /* SwitchXMark@2x.png in Resources */ = {isa = PBXBuildFile; fileRef = 842B027817B7612600EB9672 /* SwitchXMark@2x.png */; };
		84808ECC17CA684A002A6288 /* ReactiveCocoa.framework in Frameworks */ = {isa = PBXBuildFile; fileRef = 847835E217A0E3AA0050EBA6 /* ReactiveCocoa.framework */; };
		84808ECD17CA6898002A6288 /* DotSnap.icns in Resources */ = {isa = PBXBuildFile; fileRef = 842B008E17B583CA00EB9672 /* DotSnap.icns */; };
		84808ECF17CA6F31002A6288 /* Defaults.plist in Resources */ = {isa = PBXBuildFile; fileRef = 8478363117A19D2B0050EBA6 /* Defaults.plist */; };
		84808ED117CA6F63002A6288 /* ReactiveCocoa.framework in CopyFiles */ = {isa = PBXBuildFile; fileRef = 847835E217A0E3AA0050EBA6 /* ReactiveCocoa.framework */; };
/* End PBXBuildFile section */

/* Begin PBXContainerItemProxy section */
		847835E117A0E3AA0050EBA6 /* PBXContainerItemProxy */ = {
			isa = PBXContainerItemProxy;
			containerPortal = 847835D917A0E3AA0050EBA6 /* ReactiveCocoa.xcodeproj */;
			proxyType = 2;
			remoteGlobalIDString = 88037F8315056328001A5B19;
			remoteInfo = ReactiveCocoa;
		};
		847835E317A0E3AA0050EBA6 /* PBXContainerItemProxy */ = {
			isa = PBXContainerItemProxy;
			containerPortal = 847835D917A0E3AA0050EBA6 /* ReactiveCocoa.xcodeproj */;
			proxyType = 2;
			remoteGlobalIDString = 88F440AB153DAC820097B4C3;
			remoteInfo = "ReactiveCocoa-iOS";
		};
		847835E517A0E3AA0050EBA6 /* PBXContainerItemProxy */ = {
			isa = PBXContainerItemProxy;
			containerPortal = 847835D917A0E3AA0050EBA6 /* ReactiveCocoa.xcodeproj */;
			proxyType = 2;
			remoteGlobalIDString = 88CDF7DC15000FCF00163A9F;
			remoteInfo = ReactiveCocoaTests;
		};
		8478360E17A0F5560050EBA6 /* PBXContainerItemProxy */ = {
			isa = PBXContainerItemProxy;
			containerPortal = 847835D917A0E3AA0050EBA6 /* ReactiveCocoa.xcodeproj */;
			proxyType = 2;
			remoteGlobalIDString = 5FAF5223174D4C2000CAC810;
			remoteInfo = "ReactiveCocoaTests-iOS";
		};
		8478361017A0F5560050EBA6 /* PBXContainerItemProxy */ = {
			isa = PBXContainerItemProxy;
			containerPortal = 847835D917A0E3AA0050EBA6 /* ReactiveCocoa.xcodeproj */;
			proxyType = 2;
			remoteGlobalIDString = 1860F412177C91B500C7B3C9;
			remoteInfo = "ReactiveCocoa-iOS-UIKitTestHost";
		};
		8478361217A0F5560050EBA6 /* PBXContainerItemProxy */ = {
			isa = PBXContainerItemProxy;
			containerPortal = 847835D917A0E3AA0050EBA6 /* ReactiveCocoa.xcodeproj */;
			proxyType = 2;
			remoteGlobalIDString = 1860F430177C91B500C7B3C9;
			remoteInfo = "ReactiveCocoa-iOS-UIKitTestHostTests";
		};
		84808E7D17CA67C9002A6288 /* PBXContainerItemProxy */ = {
			isa = PBXContainerItemProxy;
			containerPortal = DD4F7BFB13C30F9F00825C6E /* Project object */;
			proxyType = 1;
			remoteGlobalIDString = 84808E5A17CA67C9002A6288;
			remoteInfo = DotSnap;
		};
		84808EAE17CA6831002A6288 /* PBXContainerItemProxy */ = {
			isa = PBXContainerItemProxy;
			containerPortal = 847835D917A0E3AA0050EBA6 /* ReactiveCocoa.xcodeproj */;
			proxyType = 1;
			remoteGlobalIDString = 88037F8215056328001A5B19;
			remoteInfo = ReactiveCocoa;
		};
/* End PBXContainerItemProxy section */

/* Begin PBXCopyFilesBuildPhase section */
		84808ED017CA6F5E002A6288 /* CopyFiles */ = {
			isa = PBXCopyFilesBuildPhase;
			buildActionMask = 2147483647;
			dstPath = "";
			dstSubfolderSpec = 10;
			files = (
				84808ED117CA6F63002A6288 /* ReactiveCocoa.framework in CopyFiles */,
			);
			runOnlyForDeploymentPostprocessing = 0;
		};
/* End PBXCopyFilesBuildPhase section */

/* Begin PBXFileReference section */
		840097DF17D6F9840085001E /* Base */ = {isa = PBXFileReference; lastKnownFileType = file.xib; name = Base; path = DotSnap/Base.lproj/MainMenu.xib; sourceTree = "<group>"; };
		8405D57E17A5A8D700D7990E /* SettingsWhite.png */ = {isa = PBXFileReference; lastKnownFileType = image.png; name = SettingsWhite.png; path = Artwork/SettingsWhite.png; sourceTree = "<group>"; };
		8405D57F17A5A8D700D7990E /* SettingsWhite@2x.png */ = {isa = PBXFileReference; lastKnownFileType = image.png; name = "SettingsWhite@2x.png"; path = "Artwork/SettingsWhite@2x.png"; sourceTree = "<group>"; };
		8405D58217A5C4D500D7990E /* DSPPreferencesWindow.h */ = {isa = PBXFileReference; fileEncoding = 4; lastKnownFileType = sourcecode.c.h; path = DSPPreferencesWindow.h; sourceTree = "<group>"; };
		8405D58317A5C4D500D7990E /* DSPPreferencesWindow.m */ = {isa = PBXFileReference; fileEncoding = 4; lastKnownFileType = sourcecode.c.objc; path = DSPPreferencesWindow.m; sourceTree = "<group>"; };
		8405D58517A5D60000D7990E /* DSPPNGFormatter.h */ = {isa = PBXFileReference; fileEncoding = 4; lastKnownFileType = sourcecode.c.h; path = DSPPNGFormatter.h; sourceTree = "<group>"; };
		8405D58617A5D60000D7990E /* DSPPNGFormatter.m */ = {isa = PBXFileReference; fileEncoding = 4; lastKnownFileType = sourcecode.c.objc; path = DSPPNGFormatter.m; sourceTree = "<group>"; };
		840BF85D183D7CB00061E528 /* LIEffect.h */ = {isa = PBXFileReference; fileEncoding = 4; lastKnownFileType = sourcecode.c.h; path = LIEffect.h; sourceTree = "<group>"; };
		840BF85E183D7CB00061E528 /* LIEffect.m */ = {isa = PBXFileReference; fileEncoding = 4; lastKnownFileType = sourcecode.c.objc; path = LIEffect.m; sourceTree = "<group>"; };
		840BF85F183D7CB00061E528 /* LIFlipEffect.h */ = {isa = PBXFileReference; fileEncoding = 4; lastKnownFileType = sourcecode.c.h; path = LIFlipEffect.h; sourceTree = "<group>"; };
		840BF860183D7CB00061E528 /* LIFlipEffect.m */ = {isa = PBXFileReference; fileEncoding = 4; lastKnownFileType = sourcecode.c.objc; path = LIFlipEffect.m; sourceTree = "<group>"; };
		84110A3B17FCE155009EED29 /* PFMoveApplication.h */ = {isa = PBXFileReference; fileEncoding = 4; lastKnownFileType = sourcecode.c.h; path = PFMoveApplication.h; sourceTree = "<group>"; };
		84110A3C17FCE155009EED29 /* PFMoveApplication.m */ = {isa = PBXFileReference; fileEncoding = 4; lastKnownFileType = sourcecode.c.objc; path = PFMoveApplication.m; sourceTree = "<group>"; };
		84110A4417FCE1B0009EED29 /* NSString+SymlinksAndAliases.h */ = {isa = PBXFileReference; fileEncoding = 4; lastKnownFileType = sourcecode.c.h; path = "NSString+SymlinksAndAliases.h"; sourceTree = "<group>"; };
		84110A4517FCE1B0009EED29 /* NSString+SymlinksAndAliases.m */ = {isa = PBXFileReference; fileEncoding = 4; lastKnownFileType = sourcecode.c.objc; path = "NSString+SymlinksAndAliases.m"; sourceTree = "<group>"; };
		84110A4717FCE1F7009EED29 /* Security.framework */ = {isa = PBXFileReference; lastKnownFileType = wrapper.framework; name = Security.framework; path = System/Library/Frameworks/Security.framework; sourceTree = SDKROOT; };
		842B007517B47AEC00EB9672 /* DSPShadowBox.h */ = {isa = PBXFileReference; fileEncoding = 4; lastKnownFileType = sourcecode.c.h; path = DSPShadowBox.h; sourceTree = "<group>"; };
		842B007617B47AEC00EB9672 /* DSPShadowBox.m */ = {isa = PBXFileReference; fileEncoding = 4; lastKnownFileType = sourcecode.c.objc; path = DSPShadowBox.m; sourceTree = "<group>"; };
		842B007D17B47B6900EB9672 /* DSPLabel.h */ = {isa = PBXFileReference; fileEncoding = 4; lastKnownFileType = sourcecode.c.h; path = DSPLabel.h; sourceTree = "<group>"; };
		842B007E17B47B6900EB9672 /* DSPLabel.m */ = {isa = PBXFileReference; fileEncoding = 4; lastKnownFileType = sourcecode.c.objc; path = DSPLabel.m; sourceTree = "<group>"; };
		842B008017B47C0C00EB9672 /* DSPFilenameTextField.h */ = {isa = PBXFileReference; fileEncoding = 4; lastKnownFileType = sourcecode.c.h; path = DSPFilenameTextField.h; sourceTree = "<group>"; };
		842B008117B47C0C00EB9672 /* DSPFilenameTextField.m */ = {isa = PBXFileReference; fileEncoding = 4; lastKnownFileType = sourcecode.c.objc; path = DSPFilenameTextField.m; sourceTree = "<group>"; };
		842B008917B489A600EB9672 /* DSPGlowingNameButton.h */ = {isa = PBXFileReference; fileEncoding = 4; lastKnownFileType = sourcecode.c.h; path = DSPGlowingNameButton.h; sourceTree = "<group>"; };
		842B008A17B489A600EB9672 /* DSPGlowingNameButton.m */ = {isa = PBXFileReference; fileEncoding = 4; lastKnownFileType = sourcecode.c.objc; path = DSPGlowingNameButton.m; sourceTree = "<group>"; };
		842B008E17B583CA00EB9672 /* DotSnap.icns */ = {isa = PBXFileReference; lastKnownFileType = image.icns; path = DotSnap.icns; sourceTree = "<group>"; };
		842B009017B58C0000EB9672 /* BrowseCircle_Hover.png */ = {isa = PBXFileReference; lastKnownFileType = image.png; name = BrowseCircle_Hover.png; path = Artwork/BrowseCircle_Hover.png; sourceTree = "<group>"; };
		842B009117B58C0000EB9672 /* BrowseCircle_Hover@2x.png */ = {isa = PBXFileReference; lastKnownFileType = image.png; name = "BrowseCircle_Hover@2x.png"; path = "Artwork/BrowseCircle_Hover@2x.png"; sourceTree = "<group>"; };
		842B009617B58D3D00EB9672 /* Checkmark.png */ = {isa = PBXFileReference; lastKnownFileType = image.png; name = Checkmark.png; path = Artwork/Checkmark.png; sourceTree = "<group>"; };
		842B009717B58D3D00EB9672 /* Checkmark@2x.png */ = {isa = PBXFileReference; lastKnownFileType = image.png; name = "Checkmark@2x.png"; path = "Artwork/Checkmark@2x.png"; sourceTree = "<group>"; };
		842B009C17B5915900EB9672 /* DSPMenuBarWindowIconView.h */ = {isa = PBXFileReference; fileEncoding = 4; lastKnownFileType = sourcecode.c.h; path = DSPMenuBarWindowIconView.h; sourceTree = "<group>"; };
		842B009D17B5915900EB9672 /* DSPMenuBarWindowIconView.m */ = {isa = PBXFileReference; fileEncoding = 4; lastKnownFileType = sourcecode.c.objc; path = DSPMenuBarWindowIconView.m; sourceTree = "<group>"; };
		842B009F17B5F40500EB9672 /* PreferencesLogo@2x.png */ = {isa = PBXFileReference; lastKnownFileType = image.png; name = "PreferencesLogo@2x.png"; path = "Artwork/PreferencesLogo@2x.png"; sourceTree = "<group>"; };
		842B00A017B5F40500EB9672 /* PreferencesLogo.png */ = {isa = PBXFileReference; lastKnownFileType = image.png; name = PreferencesLogo.png; path = Artwork/PreferencesLogo.png; sourceTree = "<group>"; };
		842B027517B7612600EB9672 /* SwitchCheckmark.png */ = {isa = PBXFileReference; lastKnownFileType = image.png; name = SwitchCheckmark.png; path = Artwork/SwitchCheckmark.png; sourceTree = "<group>"; };
		842B027617B7612600EB9672 /* SwitchCheckmark@2x.png */ = {isa = PBXFileReference; lastKnownFileType = image.png; name = "SwitchCheckmark@2x.png"; path = "Artwork/SwitchCheckmark@2x.png"; sourceTree = "<group>"; };
		842B027717B7612600EB9672 /* SwitchXMark.png */ = {isa = PBXFileReference; lastKnownFileType = image.png; name = SwitchXMark.png; path = Artwork/SwitchXMark.png; sourceTree = "<group>"; };
		842B027817B7612600EB9672 /* SwitchXMark@2x.png */ = {isa = PBXFileReference; lastKnownFileType = image.png; name = "SwitchXMark@2x.png"; path = "Artwork/SwitchXMark@2x.png"; sourceTree = "<group>"; };
		842B028817B8256800EB9672 /* DSPBackgroundView.h */ = {isa = PBXFileReference; fileEncoding = 4; lastKnownFileType = sourcecode.c.h; path = DSPBackgroundView.h; sourceTree = "<group>"; };
		842B028917B8256800EB9672 /* DSPBackgroundView.m */ = {isa = PBXFileReference; fileEncoding = 4; lastKnownFileType = sourcecode.c.objc; path = DSPBackgroundView.m; sourceTree = "<group>"; };
		8455745517D6C540007CA2AB /* ServiceManagement.framework */ = {isa = PBXFileReference; lastKnownFileType = wrapper.framework; name = ServiceManagement.framework; path = System/Library/Frameworks/ServiceManagement.framework; sourceTree = SDKROOT; };
		84600B4317A31CB500D3E8FE /* MAAttachedWindow.h */ = {isa = PBXFileReference; fileEncoding = 4; lastKnownFileType = sourcecode.c.h; path = MAAttachedWindow.h; sourceTree = "<group>"; };
		84600B4417A31CB500D3E8FE /* MAAttachedWindow.m */ = {isa = PBXFileReference; fileEncoding = 4; lastKnownFileType = sourcecode.c.objc; path = MAAttachedWindow.m; sourceTree = "<group>"; };
		84600B4C17A34A8400D3E8FE /* DSPHistoryRowView.h */ = {isa = PBXFileReference; fileEncoding = 4; lastKnownFileType = sourcecode.c.h; path = DSPHistoryRowView.h; sourceTree = "<group>"; };
		84600B4D17A34A8400D3E8FE /* DSPHistoryRowView.m */ = {isa = PBXFileReference; fileEncoding = 4; lastKnownFileType = sourcecode.c.objc; path = DSPHistoryRowView.m; sourceTree = "<group>"; };
		84600B5B17A354D300D3E8FE /* DSPHistoryTableView.h */ = {isa = PBXFileReference; fileEncoding = 4; lastKnownFileType = sourcecode.c.h; path = DSPHistoryTableView.h; sourceTree = "<group>"; };
		84600B5C17A354D300D3E8FE /* DSPHistoryTableView.m */ = {isa = PBXFileReference; fileEncoding = 4; lastKnownFileType = sourcecode.c.objc; path = DSPHistoryTableView.m; sourceTree = "<group>"; };
		847835C317A0D2750050EBA6 /* DSPApplicationDelegate.h */ = {isa = PBXFileReference; fileEncoding = 4; lastKnownFileType = sourcecode.c.h; path = DSPApplicationDelegate.h; sourceTree = "<group>"; };
		847835C417A0D2750050EBA6 /* DSPApplicationDelegate.m */ = {isa = PBXFileReference; fileEncoding = 4; lastKnownFileType = sourcecode.c.objc; path = DSPApplicationDelegate.m; sourceTree = "<group>"; };
		847835C617A0D3590050EBA6 /* DSPMainWindowController.h */ = {isa = PBXFileReference; fileEncoding = 4; lastKnownFileType = sourcecode.c.h; path = DSPMainWindowController.h; sourceTree = "<group>"; };
		847835C717A0D3590050EBA6 /* DSPMainWindowController.m */ = {isa = PBXFileReference; fileEncoding = 4; lastKnownFileType = sourcecode.c.objc; path = DSPMainWindowController.m; sourceTree = "<group>"; };
		847835C917A0D3650050EBA6 /* DSPMainViewController.h */ = {isa = PBXFileReference; fileEncoding = 4; lastKnownFileType = sourcecode.c.h; path = DSPMainViewController.h; sourceTree = "<group>"; };
		847835CA17A0D3650050EBA6 /* DSPMainViewController.m */ = {isa = PBXFileReference; fileEncoding = 4; lastKnownFileType = sourcecode.c.objc; path = DSPMainViewController.m; sourceTree = "<group>"; };
		847835D417A0DB670050EBA6 /* DSPMainView.h */ = {isa = PBXFileReference; fileEncoding = 4; lastKnownFileType = sourcecode.c.h; path = DSPMainView.h; sourceTree = "<group>"; };
		847835D517A0DB670050EBA6 /* DSPMainView.m */ = {isa = PBXFileReference; fileEncoding = 4; lastKnownFileType = sourcecode.c.objc; path = DSPMainView.m; sourceTree = "<group>"; };
		847835D917A0E3AA0050EBA6 /* ReactiveCocoa.xcodeproj */ = {isa = PBXFileReference; lastKnownFileType = "wrapper.pb-project"; name = ReactiveCocoa.xcodeproj; path = External/ReactiveCocoa/ReactiveCocoaFramework/ReactiveCocoa.xcodeproj; sourceTree = "<group>"; };
		847835EE17A0EABD0050EBA6 /* QuartzCore.framework */ = {isa = PBXFileReference; lastKnownFileType = wrapper.framework; name = QuartzCore.framework; path = System/Library/Frameworks/QuartzCore.framework; sourceTree = SDKROOT; };
		8478360617A0F5560050EBA6 /* DSPMainWindow.h */ = {isa = PBXFileReference; fileEncoding = 4; lastKnownFileType = sourcecode.c.h; path = DSPMainWindow.h; sourceTree = "<group>"; };
		8478360717A0F5560050EBA6 /* DSPMainWindow.m */ = {isa = PBXFileReference; fileEncoding = 4; lastKnownFileType = sourcecode.c.objc; path = DSPMainWindow.m; sourceTree = "<group>"; };
		8478361517A0F6A10050EBA6 /* JNWAnimatableWindow.h */ = {isa = PBXFileReference; fileEncoding = 4; lastKnownFileType = sourcecode.c.h; path = JNWAnimatableWindow.h; sourceTree = "<group>"; };
		8478361617A0F6A10050EBA6 /* JNWAnimatableWindow.m */ = {isa = PBXFileReference; fileEncoding = 4; lastKnownFileType = sourcecode.c.objc; path = JNWAnimatableWindow.m; sourceTree = "<group>"; };
		8478361C17A1001F0050EBA6 /* DSPMainViewModel.h */ = {isa = PBXFileReference; fileEncoding = 4; lastKnownFileType = sourcecode.c.h; path = DSPMainViewModel.h; sourceTree = "<group>"; };
		8478361D17A1001F0050EBA6 /* DSPMainViewModel.m */ = {isa = PBXFileReference; fileEncoding = 4; lastKnownFileType = sourcecode.c.objc; lineEnding = 0; path = DSPMainViewModel.m; sourceTree = "<group>"; xcLanguageSpecificationIdentifier = xcode.lang.objc; };
		8478362A17A198860050EBA6 /* DSPPreferencesViewController.h */ = {isa = PBXFileReference; fileEncoding = 4; lastKnownFileType = sourcecode.c.h; path = DSPPreferencesViewController.h; sourceTree = "<group>"; };
		8478362B17A198860050EBA6 /* DSPPreferencesViewController.m */ = {isa = PBXFileReference; fileEncoding = 4; lastKnownFileType = sourcecode.c.objc; path = DSPPreferencesViewController.m; sourceTree = "<group>"; };
		8478363117A19D2B0050EBA6 /* Defaults.plist */ = {isa = PBXFileReference; fileEncoding = 4; lastKnownFileType = text.plist.xml; path = Defaults.plist; sourceTree = "<group>"; };
		8478363317A19D8F0050EBA6 /* DSPDefaults.h */ = {isa = PBXFileReference; fileEncoding = 4; lastKnownFileType = sourcecode.c.h; lineEnding = 0; path = DSPDefaults.h; sourceTree = "<group>"; xcLanguageSpecificationIdentifier = xcode.lang.objcpp; };
		8478363417A19E410050EBA6 /* DSPDefaults.m */ = {isa = PBXFileReference; fileEncoding = 4; lastKnownFileType = sourcecode.c.objc; lineEnding = 0; path = DSPDefaults.m; sourceTree = "<group>"; xcLanguageSpecificationIdentifier = xcode.lang.objc; };
		8478363817A1F93D0050EBA6 /* CoreText.framework */ = {isa = PBXFileReference; lastKnownFileType = wrapper.framework; name = CoreText.framework; path = System/Library/Frameworks/CoreText.framework; sourceTree = SDKROOT; };
		8478363C17A1F9AB0050EBA6 /* CoreServices.framework */ = {isa = PBXFileReference; lastKnownFileType = wrapper.framework; name = CoreServices.framework; path = System/Library/Frameworks/CoreServices.framework; sourceTree = SDKROOT; };
		8478363E17A1F9B20050EBA6 /* CoreGraphics.framework */ = {isa = PBXFileReference; lastKnownFileType = wrapper.framework; name = CoreGraphics.framework; path = System/Library/Frameworks/CoreGraphics.framework; sourceTree = SDKROOT; };
		8478364017A1FAE00050EBA6 /* DSPSwitch.h */ = {isa = PBXFileReference; fileEncoding = 4; lastKnownFileType = sourcecode.c.h; path = DSPSwitch.h; sourceTree = "<group>"; };
		8478364117A1FAE00050EBA6 /* DSPSwitch.m */ = {isa = PBXFileReference; fileEncoding = 4; lastKnownFileType = sourcecode.c.objc; path = DSPSwitch.m; sourceTree = "<group>"; };
		8478364717A205D50050EBA6 /* DSPLaunchServicesManager.h */ = {isa = PBXFileReference; fileEncoding = 4; lastKnownFileType = sourcecode.c.h; path = DSPLaunchServicesManager.h; sourceTree = "<group>"; };
		8478364817A205D50050EBA6 /* DSPLaunchServicesManager.m */ = {isa = PBXFileReference; fileEncoding = 4; lastKnownFileType = sourcecode.c.objc; path = DSPLaunchServicesManager.m; sourceTree = "<group>"; };
		8478365B17A221490050EBA6 /* NSColor+DSPExtensions.h */ = {isa = PBXFileReference; fileEncoding = 4; lastKnownFileType = sourcecode.c.h; path = "NSColor+DSPExtensions.h"; sourceTree = "<group>"; };
		8478365C17A221490050EBA6 /* NSColor+DSPExtensions.m */ = {isa = PBXFileReference; fileEncoding = 4; lastKnownFileType = sourcecode.c.objc; path = "NSColor+DSPExtensions.m"; sourceTree = "<group>"; };
		84808E5B17CA67C9002A6288 /* DotSnap.app */ = {isa = PBXFileReference; explicitFileType = wrapper.application; includeInIndex = 0; path = DotSnap.app; sourceTree = BUILT_PRODUCTS_DIR; };
		84808E5E17CA67C9002A6288 /* AppKit.framework */ = {isa = PBXFileReference; lastKnownFileType = wrapper.framework; name = AppKit.framework; path = System/Library/Frameworks/AppKit.framework; sourceTree = SDKROOT; };
		84808E5F17CA67C9002A6288 /* CoreData.framework */ = {isa = PBXFileReference; lastKnownFileType = wrapper.framework; name = CoreData.framework; path = System/Library/Frameworks/CoreData.framework; sourceTree = SDKROOT; };
		84808E6017CA67C9002A6288 /* Foundation.framework */ = {isa = PBXFileReference; lastKnownFileType = wrapper.framework; name = Foundation.framework; path = System/Library/Frameworks/Foundation.framework; sourceTree = SDKROOT; };
		84808E7917CA67C9002A6288 /* DotSnapTests.xctest */ = {isa = PBXFileReference; explicitFileType = wrapper.cfbundle; includeInIndex = 0; path = DotSnapTests.xctest; sourceTree = BUILT_PRODUCTS_DIR; };
		84808E7A17CA67C9002A6288 /* XCTest.framework */ = {isa = PBXFileReference; lastKnownFileType = wrapper.framework; name = XCTest.framework; path = Library/Frameworks/XCTest.framework; sourceTree = DEVELOPER_DIR; };
		84808E8117CA67C9002A6288 /* DotSnapTests-Info.plist */ = {isa = PBXFileReference; lastKnownFileType = text.plist.xml; path = "DotSnapTests-Info.plist"; sourceTree = "<group>"; };
		84808E8317CA67C9002A6288 /* en */ = {isa = PBXFileReference; lastKnownFileType = text.plist.strings; name = en; path = en.lproj/InfoPlist.strings; sourceTree = "<group>"; };
		84808E8517CA67C9002A6288 /* DotSnapTests.m */ = {isa = PBXFileReference; lastKnownFileType = sourcecode.c.objc; path = DotSnapTests.m; sourceTree = "<group>"; };
		84955B7B17C1425B00095106 /* DSPLogoButton.h */ = {isa = PBXFileReference; fileEncoding = 4; lastKnownFileType = sourcecode.c.h; path = DSPLogoButton.h; sourceTree = "<group>"; };
		84955B7C17C1425B00095106 /* DSPLogoButton.m */ = {isa = PBXFileReference; fileEncoding = 4; lastKnownFileType = sourcecode.c.objc; path = DSPLogoButton.m; sourceTree = "<group>"; };
		84BC7E5717A4D1D00091C0DB /* MenubarIcon.png */ = {isa = PBXFileReference; lastKnownFileType = image.png; name = MenubarIcon.png; path = Artwork/MenubarIcon.png; sourceTree = "<group>"; };
		84BC7E5817A4D1D00091C0DB /* MenubarIcon@2x.png */ = {isa = PBXFileReference; lastKnownFileType = image.png; name = "MenubarIcon@2x.png"; path = "Artwork/MenubarIcon@2x.png"; sourceTree = "<group>"; };
		84BC7E5917A4D1D00091C0DB /* MenubarIcon_Highlighted.png */ = {isa = PBXFileReference; lastKnownFileType = image.png; name = MenubarIcon_Highlighted.png; path = Artwork/MenubarIcon_Highlighted.png; sourceTree = "<group>"; };
		84BC7E5A17A4D1D00091C0DB /* MenubarIcon_Highlighted@2x.png */ = {isa = PBXFileReference; lastKnownFileType = image.png; name = "MenubarIcon_Highlighted@2x.png"; path = "Artwork/MenubarIcon_Highlighted@2x.png"; sourceTree = "<group>"; };
		84BC7E5F17A4D8820091C0DB /* Browse_Arrow_Hover.png */ = {isa = PBXFileReference; lastKnownFileType = image.png; name = Browse_Arrow_Hover.png; path = Artwork/Browse_Arrow_Hover.png; sourceTree = "<group>"; };
		84BC7E6017A4D8820091C0DB /* Browse_Arrow_Hover@2x.png */ = {isa = PBXFileReference; lastKnownFileType = image.png; name = "Browse_Arrow_Hover@2x.png"; path = "Artwork/Browse_Arrow_Hover@2x.png"; sourceTree = "<group>"; };
		84BC7E6117A4D8820091C0DB /* Browse_Arrow.png */ = {isa = PBXFileReference; lastKnownFileType = image.png; name = Browse_Arrow.png; path = Artwork/Browse_Arrow.png; sourceTree = "<group>"; };
		84BC7E6217A4D8820091C0DB /* Browse_Arrow@2x.png */ = {isa = PBXFileReference; lastKnownFileType = image.png; name = "Browse_Arrow@2x.png"; path = "Artwork/Browse_Arrow@2x.png"; sourceTree = "<group>"; };
		84BC7E6517A4D8820091C0DB /* BrowseCircle.png */ = {isa = PBXFileReference; lastKnownFileType = image.png; name = BrowseCircle.png; path = Artwork/BrowseCircle.png; sourceTree = "<group>"; };
		84BC7E6617A4D8820091C0DB /* BrowseCircle@2x.png */ = {isa = PBXFileReference; lastKnownFileType = image.png; name = "BrowseCircle@2x.png"; path = "Artwork/BrowseCircle@2x.png"; sourceTree = "<group>"; };
		84BC7E6F17A4D8BA0091C0DB /* DSPDirectoryPickerButton.h */ = {isa = PBXFileReference; fileEncoding = 4; lastKnownFileType = sourcecode.c.h; path = DSPDirectoryPickerButton.h; sourceTree = "<group>"; };
		84BC7E7017A4D8BA0091C0DB /* DSPDirectoryPickerButton.m */ = {isa = PBXFileReference; fileEncoding = 4; lastKnownFileType = sourcecode.c.objc; path = DSPDirectoryPickerButton.m; sourceTree = "<group>"; };
		84BC7E7217A4DC750091C0DB /* Settings_DarkHover.png */ = {isa = PBXFileReference; lastKnownFileType = image.png; name = Settings_DarkHover.png; path = Artwork/Settings_DarkHover.png; sourceTree = "<group>"; };
		84BC7E7317A4DC750091C0DB /* Settings_DarkHover@2x.png */ = {isa = PBXFileReference; lastKnownFileType = image.png; name = "Settings_DarkHover@2x.png"; path = "Artwork/Settings_DarkHover@2x.png"; sourceTree = "<group>"; };
		84BC7E7417A4DC750091C0DB /* Settings_Normal.png */ = {isa = PBXFileReference; lastKnownFileType = image.png; name = Settings_Normal.png; path = Artwork/Settings_Normal.png; sourceTree = "<group>"; };
		84BC7E7517A4DC750091C0DB /* Settings_Normal@2x.png */ = {isa = PBXFileReference; lastKnownFileType = image.png; name = "Settings_Normal@2x.png"; path = "Artwork/Settings_Normal@2x.png"; sourceTree = "<group>"; };
		84BC7E7A17A4DC9E0091C0DB /* DSPSpinningSettingsButton.h */ = {isa = PBXFileReference; fileEncoding = 4; lastKnownFileType = sourcecode.c.h; path = DSPSpinningSettingsButton.h; sourceTree = "<group>"; };
		84BC7E7B17A4DC9E0091C0DB /* DSPSpinningSettingsButton.m */ = {isa = PBXFileReference; fileEncoding = 4; lastKnownFileType = sourcecode.c.objc; path = DSPSpinningSettingsButton.m; sourceTree = "<group>"; };
		84D3475317BC8EA30060A937 /* DSPPreferencesShadowBox.h */ = {isa = PBXFileReference; fileEncoding = 4; lastKnownFileType = sourcecode.c.h; path = DSPPreferencesShadowBox.h; sourceTree = "<group>"; };
		84D3475417BC8EA30060A937 /* DSPPreferencesShadowBox.m */ = {isa = PBXFileReference; fileEncoding = 4; lastKnownFileType = sourcecode.c.objc; path = DSPPreferencesShadowBox.m; sourceTree = "<group>"; };
		84D3475617BC96CB0060A937 /* DSPPreferencesFieldBackgroundView.h */ = {isa = PBXFileReference; fileEncoding = 4; lastKnownFileType = sourcecode.c.h; path = DSPPreferencesFieldBackgroundView.h; sourceTree = "<group>"; };
		84D3475717BC96CB0060A937 /* DSPPreferencesFieldBackgroundView.m */ = {isa = PBXFileReference; fileEncoding = 4; lastKnownFileType = sourcecode.c.objc; path = DSPPreferencesFieldBackgroundView.m; sourceTree = "<group>"; };
		84D3475B17BD3D1E0060A937 /* TopPartArrow.png */ = {isa = PBXFileReference; lastKnownFileType = image.png; name = TopPartArrow.png; path = Artwork/TopPartArrow.png; sourceTree = "<group>"; };
		84D3475C17BD3D1E0060A937 /* TopPartArrow@2x.png */ = {isa = PBXFileReference; lastKnownFileType = image.png; name = "TopPartArrow@2x.png"; path = "Artwork/TopPartArrow@2x.png"; sourceTree = "<group>"; };
		DD4F7C0813C30F9F00825C6E /* Cocoa.framework */ = {isa = PBXFileReference; lastKnownFileType = wrapper.framework; name = Cocoa.framework; path = System/Library/Frameworks/Cocoa.framework; sourceTree = SDKROOT; };
		DD4F7C0B13C30F9F00825C6E /* AppKit.framework */ = {isa = PBXFileReference; lastKnownFileType = wrapper.framework; name = AppKit.framework; path = System/Library/Frameworks/AppKit.framework; sourceTree = SDKROOT; };
		DD4F7C0C13C30F9F00825C6E /* CoreData.framework */ = {isa = PBXFileReference; lastKnownFileType = wrapper.framework; name = CoreData.framework; path = System/Library/Frameworks/CoreData.framework; sourceTree = SDKROOT; };
		DD4F7C0D13C30F9F00825C6E /* Foundation.framework */ = {isa = PBXFileReference; lastKnownFileType = wrapper.framework; name = Foundation.framework; path = System/Library/Frameworks/Foundation.framework; sourceTree = SDKROOT; };
		DD4F7C1013C30F9F00825C6E /* DotSnap-Info.plist */ = {isa = PBXFileReference; lastKnownFileType = text.plist.xml; path = "DotSnap-Info.plist"; sourceTree = "<group>"; };
		DD4F7C1413C30F9F00825C6E /* main.m */ = {isa = PBXFileReference; lastKnownFileType = sourcecode.c.objc; path = main.m; sourceTree = "<group>"; };
		DD4F7C1613C30F9F00825C6E /* DotSnap-Prefix.pch */ = {isa = PBXFileReference; lastKnownFileType = sourcecode.c.h; path = "DotSnap-Prefix.pch"; sourceTree = "<group>"; };
/* End PBXFileReference section */

/* Begin PBXFrameworksBuildPhase section */
		84808E5817CA67C9002A6288 /* Frameworks */ = {
			isa = PBXFrameworksBuildPhase;
			buildActionMask = 2147483647;
			files = (
				84110A4817FCE1F7009EED29 /* Security.framework in Frameworks */,
				844C321B17D6CBF8008EC5D4 /* QuartzCore.framework in Frameworks */,
				8455745617D6C540007CA2AB /* ServiceManagement.framework in Frameworks */,
				84808ECC17CA684A002A6288 /* ReactiveCocoa.framework in Frameworks */,
				84808E5C17CA67C9002A6288 /* Cocoa.framework in Frameworks */,
			);
			runOnlyForDeploymentPostprocessing = 0;
		};
		84808E7617CA67C9002A6288 /* Frameworks */ = {
			isa = PBXFrameworksBuildPhase;
			buildActionMask = 2147483647;
			files = (
				84808E7C17CA67C9002A6288 /* Cocoa.framework in Frameworks */,
				84808E7B17CA67C9002A6288 /* XCTest.framework in Frameworks */,
			);
			runOnlyForDeploymentPostprocessing = 0;
		};
/* End PBXFrameworksBuildPhase section */

/* Begin PBXGroup section */
		84110A4317FCE160009EED29 /* PFMoveApplication */ = {
			isa = PBXGroup;
			children = (
				84110A4417FCE1B0009EED29 /* NSString+SymlinksAndAliases.h */,
				84110A4517FCE1B0009EED29 /* NSString+SymlinksAndAliases.m */,
				84110A3B17FCE155009EED29 /* PFMoveApplication.h */,
				84110A3C17FCE155009EED29 /* PFMoveApplication.m */,
			);
			name = PFMoveApplication;
			sourceTree = "<group>";
		};
		842B008317B47F1A00EB9672 /* Controls */ = {
			isa = PBXGroup;
			children = (
				84BC7E6F17A4D8BA0091C0DB /* DSPDirectoryPickerButton.h */,
				84BC7E7017A4D8BA0091C0DB /* DSPDirectoryPickerButton.m */,
				842B008017B47C0C00EB9672 /* DSPFilenameTextField.h */,
				842B008117B47C0C00EB9672 /* DSPFilenameTextField.m */,
				842B008917B489A600EB9672 /* DSPGlowingNameButton.h */,
				842B008A17B489A600EB9672 /* DSPGlowingNameButton.m */,
				84955B7B17C1425B00095106 /* DSPLogoButton.h */,
				84955B7C17C1425B00095106 /* DSPLogoButton.m */,
				84600B4C17A34A8400D3E8FE /* DSPHistoryRowView.h */,
				84600B4D17A34A8400D3E8FE /* DSPHistoryRowView.m */,
				84600B5B17A354D300D3E8FE /* DSPHistoryTableView.h */,
				84600B5C17A354D300D3E8FE /* DSPHistoryTableView.m */,
				842B007D17B47B6900EB9672 /* DSPLabel.h */,
				842B007E17B47B6900EB9672 /* DSPLabel.m */,
				842B009C17B5915900EB9672 /* DSPMenuBarWindowIconView.h */,
				842B009D17B5915900EB9672 /* DSPMenuBarWindowIconView.m */,
				8405D58517A5D60000D7990E /* DSPPNGFormatter.h */,
				8405D58617A5D60000D7990E /* DSPPNGFormatter.m */,
				842B007517B47AEC00EB9672 /* DSPShadowBox.h */,
				842B007617B47AEC00EB9672 /* DSPShadowBox.m */,
				84BC7E7A17A4DC9E0091C0DB /* DSPSpinningSettingsButton.h */,
				84BC7E7B17A4DC9E0091C0DB /* DSPSpinningSettingsButton.m */,
				8478364017A1FAE00050EBA6 /* DSPSwitch.h */,
				8478364117A1FAE00050EBA6 /* DSPSwitch.m */,
				8478365B17A221490050EBA6 /* NSColor+DSPExtensions.h */,
				8478365C17A221490050EBA6 /* NSColor+DSPExtensions.m */,
			);
			name = Controls;
			sourceTree = "<group>";
		};
		84600B4B17A31CB900D3E8FE /* MAAttachedWindow */ = {
			isa = PBXGroup;
			children = (
				84600B4317A31CB500D3E8FE /* MAAttachedWindow.h */,
				84600B4417A31CB500D3E8FE /* MAAttachedWindow.m */,
			);
			name = MAAttachedWindow;
			sourceTree = "<group>";
		};
		847835DA17A0E3AA0050EBA6 /* Products */ = {
			isa = PBXGroup;
			children = (
				847835E217A0E3AA0050EBA6 /* ReactiveCocoa.framework */,
				847835E417A0E3AA0050EBA6 /* libReactiveCocoa-iOS.a */,
				847835E617A0E3AA0050EBA6 /* ReactiveCocoaTests.octest */,
				8478360F17A0F5560050EBA6 /* ReactiveCocoaTests-iOS.octest */,
				8478361117A0F5560050EBA6 /* ReactiveCocoa-iOS-UIKitTestHost.app */,
				8478361317A0F5560050EBA6 /* ReactiveCocoa-iOS-UIKitTestHostTests.octest */,
			);
			name = Products;
			sourceTree = "<group>";
		};
		8478361F17A18FEB0050EBA6 /* Main Window */ = {
			isa = PBXGroup;
			children = (
				847835C617A0D3590050EBA6 /* DSPMainWindowController.h */,
				847835C717A0D3590050EBA6 /* DSPMainWindowController.m */,
				8478360617A0F5560050EBA6 /* DSPMainWindow.h */,
				8478360717A0F5560050EBA6 /* DSPMainWindow.m */,
				847835C917A0D3650050EBA6 /* DSPMainViewController.h */,
				847835CA17A0D3650050EBA6 /* DSPMainViewController.m */,
				847835D417A0DB670050EBA6 /* DSPMainView.h */,
				847835D517A0DB670050EBA6 /* DSPMainView.m */,
				842B028817B8256800EB9672 /* DSPBackgroundView.h */,
				842B028917B8256800EB9672 /* DSPBackgroundView.m */,
				8478361C17A1001F0050EBA6 /* DSPMainViewModel.h */,
				8478361D17A1001F0050EBA6 /* DSPMainViewModel.m */,
			);
			name = "Main Window";
			sourceTree = "<group>";
		};
		8478362017A18FF50050EBA6 /* Preferences */ = {
			isa = PBXGroup;
			children = (
				8405D58217A5C4D500D7990E /* DSPPreferencesWindow.h */,
				8405D58317A5C4D500D7990E /* DSPPreferencesWindow.m */,
				8478362A17A198860050EBA6 /* DSPPreferencesViewController.h */,
				8478362B17A198860050EBA6 /* DSPPreferencesViewController.m */,
				8478364717A205D50050EBA6 /* DSPLaunchServicesManager.h */,
				8478364817A205D50050EBA6 /* DSPLaunchServicesManager.m */,
				84D3475617BC96CB0060A937 /* DSPPreferencesFieldBackgroundView.h */,
				84D3475717BC96CB0060A937 /* DSPPreferencesFieldBackgroundView.m */,
				84D3475317BC8EA30060A937 /* DSPPreferencesShadowBox.h */,
				84D3475417BC8EA30060A937 /* DSPPreferencesShadowBox.m */,
			);
			name = Preferences;
			sourceTree = "<group>";
		};
		8478363617A19FCE0050EBA6 /* JNWAnimatableWIndow */ = {
			isa = PBXGroup;
			children = (
				8478361517A0F6A10050EBA6 /* JNWAnimatableWindow.h */,
				8478361617A0F6A10050EBA6 /* JNWAnimatableWindow.m */,
			);
			name = JNWAnimatableWIndow;
			sourceTree = "<group>";
		};
		8478363717A19FDB0050EBA6 /* External */ = {
			isa = PBXGroup;
			children = (
				84110A4317FCE160009EED29 /* PFMoveApplication */,
				84D3475217BC82F80060A937 /* LIFlipEffect */,
				84600B4B17A31CB900D3E8FE /* MAAttachedWindow */,
				8478363617A19FCE0050EBA6 /* JNWAnimatableWIndow */,
			);
			name = External;
			sourceTree = "<group>";
		};
		84808E5D17CA67C9002A6288 /* Other Frameworks */ = {
			isa = PBXGroup;
			children = (
				84808E5E17CA67C9002A6288 /* AppKit.framework */,
				84808E5F17CA67C9002A6288 /* CoreData.framework */,
				84808E6017CA67C9002A6288 /* Foundation.framework */,
			);
			name = "Other Frameworks";
			sourceTree = "<group>";
		};
		84808E7F17CA67C9002A6288 /* DotSnapTests */ = {
			isa = PBXGroup;
			children = (
				84808E8517CA67C9002A6288 /* DotSnapTests.m */,
				84808E8017CA67C9002A6288 /* Supporting Files */,
			);
			path = DotSnapTests;
			sourceTree = "<group>";
		};
		84808E8017CA67C9002A6288 /* Supporting Files */ = {
			isa = PBXGroup;
			children = (
				84808E8117CA67C9002A6288 /* DotSnapTests-Info.plist */,
				84808E8217CA67C9002A6288 /* InfoPlist.strings */,
			);
			name = "Supporting Files";
			sourceTree = "<group>";
		};
		84D3475217BC82F80060A937 /* LIFlipEffect */ = {
			isa = PBXGroup;
			children = (
				840BF85D183D7CB00061E528 /* LIEffect.h */,
				840BF85E183D7CB00061E528 /* LIEffect.m */,
				840BF85F183D7CB00061E528 /* LIFlipEffect.h */,
				840BF860183D7CB00061E528 /* LIFlipEffect.m */,
			);
			name = LIFlipEffect;
			sourceTree = "<group>";
		};
		DD4F7BF913C30F9F00825C6E = {
			isa = PBXGroup;
			children = (
				847835D917A0E3AA0050EBA6 /* ReactiveCocoa.xcodeproj */,
				DD4F7C0E13C30F9F00825C6E /* DotSnap */,
				DD4F7C2813C3123E00825C6E /* User Interface */,
				84808E7F17CA67C9002A6288 /* DotSnapTests */,
				DD4F7C0713C30F9F00825C6E /* Frameworks */,
				DD4F7C0513C30F9F00825C6E /* Products */,
			);
			sourceTree = "<group>";
		};
		DD4F7C0513C30F9F00825C6E /* Products */ = {
			isa = PBXGroup;
			children = (
				84808E5B17CA67C9002A6288 /* DotSnap.app */,
				84808E7917CA67C9002A6288 /* DotSnapTests.xctest */,
			);
			name = Products;
			sourceTree = "<group>";
		};
		DD4F7C0713C30F9F00825C6E /* Frameworks */ = {
			isa = PBXGroup;
			children = (
				84110A4717FCE1F7009EED29 /* Security.framework */,
				8455745517D6C540007CA2AB /* ServiceManagement.framework */,
				8478363E17A1F9B20050EBA6 /* CoreGraphics.framework */,
				8478363C17A1F9AB0050EBA6 /* CoreServices.framework */,
				8478363817A1F93D0050EBA6 /* CoreText.framework */,
				847835EE17A0EABD0050EBA6 /* QuartzCore.framework */,
				DD4F7C0B13C30F9F00825C6E /* AppKit.framework */,
				DD4F7C0C13C30F9F00825C6E /* CoreData.framework */,
				DD4F7C0D13C30F9F00825C6E /* Foundation.framework */,
				DD4F7C0813C30F9F00825C6E /* Cocoa.framework */,
				84808E7A17CA67C9002A6288 /* XCTest.framework */,
				84808E5D17CA67C9002A6288 /* Other Frameworks */,
			);
			name = Frameworks;
			sourceTree = "<group>";
		};
		DD4F7C0E13C30F9F00825C6E /* DotSnap */ = {
			isa = PBXGroup;
			children = (
				847835C317A0D2750050EBA6 /* DSPApplicationDelegate.h */,
				847835C417A0D2750050EBA6 /* DSPApplicationDelegate.m */,
				8478362017A18FF50050EBA6 /* Preferences */,
				8478361F17A18FEB0050EBA6 /* Main Window */,
				842B008317B47F1A00EB9672 /* Controls */,
				8478363717A19FDB0050EBA6 /* External */,
				DD4F7C0F13C30F9F00825C6E /* Supporting Files */,
			);
			path = DotSnap;
			sourceTree = "<group>";
		};
		DD4F7C0F13C30F9F00825C6E /* Supporting Files */ = {
			isa = PBXGroup;
			children = (
				DD4F7C1413C30F9F00825C6E /* main.m */,
				DD4F7C1613C30F9F00825C6E /* DotSnap-Prefix.pch */,
				DD4F7C1013C30F9F00825C6E /* DotSnap-Info.plist */,
				8478363317A19D8F0050EBA6 /* DSPDefaults.h */,
				8478363417A19E410050EBA6 /* DSPDefaults.m */,
				8478363117A19D2B0050EBA6 /* Defaults.plist */,
			);
			name = "Supporting Files";
			sourceTree = "<group>";
		};
		DD4F7C2813C3123E00825C6E /* User Interface */ = {
			isa = PBXGroup;
			children = (
				842B008E17B583CA00EB9672 /* DotSnap.icns */,
				DD4F7C4813C322D800825C6E /* Graphics */,
				DD4F7C2913C3124300825C6E /* XIBs */,
			);
			name = "User Interface";
			sourceTree = "<group>";
		};
		DD4F7C2913C3124300825C6E /* XIBs */ = {
			isa = PBXGroup;
			children = (
				840097DE17D6F9840085001E /* MainMenu.xib */,
			);
			name = XIBs;
			sourceTree = "<group>";
		};
		DD4F7C4813C322D800825C6E /* Graphics */ = {
			isa = PBXGroup;
			children = (
				84D3475B17BD3D1E0060A937 /* TopPartArrow.png */,
				84D3475C17BD3D1E0060A937 /* TopPartArrow@2x.png */,
				842B009617B58D3D00EB9672 /* Checkmark.png */,
				842B009717B58D3D00EB9672 /* Checkmark@2x.png */,
				84BC7E5717A4D1D00091C0DB /* MenubarIcon.png */,
				84BC7E5817A4D1D00091C0DB /* MenubarIcon@2x.png */,
				84BC7E5917A4D1D00091C0DB /* MenubarIcon_Highlighted.png */,
				84BC7E5A17A4D1D00091C0DB /* MenubarIcon_Highlighted@2x.png */,
				84BC7E6117A4D8820091C0DB /* Browse_Arrow.png */,
				84BC7E6217A4D8820091C0DB /* Browse_Arrow@2x.png */,
				84BC7E5F17A4D8820091C0DB /* Browse_Arrow_Hover.png */,
				84BC7E6017A4D8820091C0DB /* Browse_Arrow_Hover@2x.png */,
				84BC7E6517A4D8820091C0DB /* BrowseCircle.png */,
				84BC7E6617A4D8820091C0DB /* BrowseCircle@2x.png */,
				842B009017B58C0000EB9672 /* BrowseCircle_Hover.png */,
				842B009117B58C0000EB9672 /* BrowseCircle_Hover@2x.png */,
				842B00A017B5F40500EB9672 /* PreferencesLogo.png */,
				842B009F17B5F40500EB9672 /* PreferencesLogo@2x.png */,
				8405D57E17A5A8D700D7990E /* SettingsWhite.png */,
				8405D57F17A5A8D700D7990E /* SettingsWhite@2x.png */,
				84BC7E7217A4DC750091C0DB /* Settings_DarkHover.png */,
				84BC7E7317A4DC750091C0DB /* Settings_DarkHover@2x.png */,
				84BC7E7417A4DC750091C0DB /* Settings_Normal.png */,
				84BC7E7517A4DC750091C0DB /* Settings_Normal@2x.png */,
				842B027517B7612600EB9672 /* SwitchCheckmark.png */,
				842B027617B7612600EB9672 /* SwitchCheckmark@2x.png */,
				842B027717B7612600EB9672 /* SwitchXMark.png */,
				842B027817B7612600EB9672 /* SwitchXMark@2x.png */,
			);
			name = Graphics;
			sourceTree = "<group>";
		};
/* End PBXGroup section */

/* Begin PBXNativeTarget section */
		84808E5A17CA67C9002A6288 /* DotSnap */ = {
			isa = PBXNativeTarget;
			buildConfigurationList = 84808E8717CA67C9002A6288 /* Build configuration list for PBXNativeTarget "DotSnap" */;
			buildPhases = (
				84808E5717CA67C9002A6288 /* Sources */,
				84808E5817CA67C9002A6288 /* Frameworks */,
				84808E5917CA67C9002A6288 /* Resources */,
				84808ED017CA6F5E002A6288 /* CopyFiles */,
			);
			buildRules = (
			);
			dependencies = (
				84808EAF17CA6831002A6288 /* PBXTargetDependency */,
			);
			name = DotSnap;
			productName = DotSnap;
			productReference = 84808E5B17CA67C9002A6288 /* DotSnap.app */;
			productType = "com.apple.product-type.application";
		};
		84808E7817CA67C9002A6288 /* DotSnapTests */ = {
			isa = PBXNativeTarget;
			buildConfigurationList = 84808E8A17CA67C9002A6288 /* Build configuration list for PBXNativeTarget "DotSnapTests" */;
			buildPhases = (
				84808E7517CA67C9002A6288 /* Sources */,
				84808E7617CA67C9002A6288 /* Frameworks */,
				84808E7717CA67C9002A6288 /* Resources */,
			);
			buildRules = (
			);
			dependencies = (
				84808E7E17CA67C9002A6288 /* PBXTargetDependency */,
			);
			name = DotSnapTests;
			productName = DotSnapTests;
			productReference = 84808E7917CA67C9002A6288 /* DotSnapTests.xctest */;
			productType = "com.apple.product-type.bundle.unit-test";
		};
/* End PBXNativeTarget section */

/* Begin PBXProject section */
		DD4F7BFB13C30F9F00825C6E /* Project object */ = {
			isa = PBXProject;
			attributes = {
				CLASSPREFIX = DSP;
				LastUpgradeCheck = 0500;
				TargetAttributes = {
					84808E5A17CA67C9002A6288 = {
						DevelopmentTeam = JMX758PAJB;
						SystemCapabilities = {
							com.apple.Sandbox = {
								enabled = 0;
							};
						};
					};
					84808E7817CA67C9002A6288 = {
						TestTargetID = 84808E5A17CA67C9002A6288;
					};
				};
			};
			buildConfigurationList = DD4F7BFE13C30F9F00825C6E /* Build configuration list for PBXProject "DotSnap" */;
			compatibilityVersion = "Xcode 3.2";
			developmentRegion = English;
			hasScannedForEncodings = 0;
			knownRegions = (
				en,
				Base,
			);
			mainGroup = DD4F7BF913C30F9F00825C6E;
			productRefGroup = DD4F7C0513C30F9F00825C6E /* Products */;
			projectDirPath = "";
			projectReferences = (
				{
					ProductGroup = 847835DA17A0E3AA0050EBA6 /* Products */;
					ProjectRef = 847835D917A0E3AA0050EBA6 /* ReactiveCocoa.xcodeproj */;
				},
			);
			projectRoot = "";
			targets = (
				84808E5A17CA67C9002A6288 /* DotSnap */,
				84808E7817CA67C9002A6288 /* DotSnapTests */,
			);
		};
/* End PBXProject section */

/* Begin PBXReferenceProxy section */
		847835E217A0E3AA0050EBA6 /* ReactiveCocoa.framework */ = {
			isa = PBXReferenceProxy;
			fileType = wrapper.framework;
			path = ReactiveCocoa.framework;
			remoteRef = 847835E117A0E3AA0050EBA6 /* PBXContainerItemProxy */;
			sourceTree = BUILT_PRODUCTS_DIR;
		};
		847835E417A0E3AA0050EBA6 /* libReactiveCocoa-iOS.a */ = {
			isa = PBXReferenceProxy;
			fileType = archive.ar;
			path = "libReactiveCocoa-iOS.a";
			remoteRef = 847835E317A0E3AA0050EBA6 /* PBXContainerItemProxy */;
			sourceTree = BUILT_PRODUCTS_DIR;
		};
		847835E617A0E3AA0050EBA6 /* ReactiveCocoaTests.octest */ = {
			isa = PBXReferenceProxy;
			fileType = wrapper.cfbundle;
			path = ReactiveCocoaTests.octest;
			remoteRef = 847835E517A0E3AA0050EBA6 /* PBXContainerItemProxy */;
			sourceTree = BUILT_PRODUCTS_DIR;
		};
		8478360F17A0F5560050EBA6 /* ReactiveCocoaTests-iOS.octest */ = {
			isa = PBXReferenceProxy;
			fileType = wrapper.cfbundle;
			path = "ReactiveCocoaTests-iOS.octest";
			remoteRef = 8478360E17A0F5560050EBA6 /* PBXContainerItemProxy */;
			sourceTree = BUILT_PRODUCTS_DIR;
		};
		8478361117A0F5560050EBA6 /* ReactiveCocoa-iOS-UIKitTestHost.app */ = {
			isa = PBXReferenceProxy;
			fileType = wrapper.application;
			path = "ReactiveCocoa-iOS-UIKitTestHost.app";
			remoteRef = 8478361017A0F5560050EBA6 /* PBXContainerItemProxy */;
			sourceTree = BUILT_PRODUCTS_DIR;
		};
		8478361317A0F5560050EBA6 /* ReactiveCocoa-iOS-UIKitTestHostTests.octest */ = {
			isa = PBXReferenceProxy;
			fileType = wrapper.cfbundle;
			path = "ReactiveCocoa-iOS-UIKitTestHostTests.octest";
			remoteRef = 8478361217A0F5560050EBA6 /* PBXContainerItemProxy */;
			sourceTree = BUILT_PRODUCTS_DIR;
		};
/* End PBXReferenceProxy section */

/* Begin PBXResourcesBuildPhase section */
		84808E5917CA67C9002A6288 /* Resources */ = {
			isa = PBXResourcesBuildPhase;
			buildActionMask = 2147483647;
			files = (
				84808ECF17CA6F31002A6288 /* Defaults.plist in Resources */,
				84808EB017CA6841002A6288 /* TopPartArrow.png in Resources */,
				84808EB117CA6841002A6288 /* TopPartArrow@2x.png in Resources */,
				84808EB217CA6841002A6288 /* Checkmark.png in Resources */,
				84808EB317CA6841002A6288 /* Checkmark@2x.png in Resources */,
				84808EB417CA6841002A6288 /* MenubarIcon.png in Resources */,
				84808EB517CA6841002A6288 /* MenubarIcon@2x.png in Resources */,
				84808EB617CA6841002A6288 /* MenubarIcon_Highlighted.png in Resources */,
				84808EB717CA6841002A6288 /* MenubarIcon_Highlighted@2x.png in Resources */,
				84808ECD17CA6898002A6288 /* DotSnap.icns in Resources */,
				84808EB817CA6841002A6288 /* Browse_Arrow.png in Resources */,
				84808EB917CA6841002A6288 /* Browse_Arrow@2x.png in Resources */,
				84808EBA17CA6841002A6288 /* Browse_Arrow_Hover.png in Resources */,
				84808EBB17CA6841002A6288 /* Browse_Arrow_Hover@2x.png in Resources */,
				84808EBC17CA6841002A6288 /* BrowseCircle.png in Resources */,
				84808EBD17CA6841002A6288 /* BrowseCircle@2x.png in Resources */,
				84808EBE17CA6841002A6288 /* BrowseCircle_Hover.png in Resources */,
				84808EBF17CA6841002A6288 /* BrowseCircle_Hover@2x.png in Resources */,
				8455744B17D54CC3007CA2AB /* PreferencesLogo.png in Resources */,
				8455744C17D54CC3007CA2AB /* PreferencesLogo@2x.png in Resources */,
				84808EC217CA6841002A6288 /* SettingsWhite.png in Resources */,
				84808EC317CA6841002A6288 /* SettingsWhite@2x.png in Resources */,
				84808EC417CA6841002A6288 /* Settings_DarkHover.png in Resources */,
				84808EC517CA6841002A6288 /* Settings_DarkHover@2x.png in Resources */,
				84808EC617CA6841002A6288 /* Settings_Normal.png in Resources */,
				84808EC717CA6841002A6288 /* Settings_Normal@2x.png in Resources */,
				84808EC817CA6841002A6288 /* SwitchCheckmark.png in Resources */,
				84808EC917CA6841002A6288 /* SwitchCheckmark@2x.png in Resources */,
				84808ECA17CA6841002A6288 /* SwitchXMark.png in Resources */,
				84808ECB17CA6841002A6288 /* SwitchXMark@2x.png in Resources */,
				840097E017D6F9840085001E /* MainMenu.xib in Resources */,
			);
			runOnlyForDeploymentPostprocessing = 0;
		};
		84808E7717CA67C9002A6288 /* Resources */ = {
			isa = PBXResourcesBuildPhase;
			buildActionMask = 2147483647;
			files = (
				84808E8417CA67C9002A6288 /* InfoPlist.strings in Resources */,
			);
			runOnlyForDeploymentPostprocessing = 0;
		};
/* End PBXResourcesBuildPhase section */

/* Begin PBXSourcesBuildPhase section */
		84808E5717CA67C9002A6288 /* Sources */ = {
			isa = PBXSourcesBuildPhase;
			buildActionMask = 2147483647;
			files = (
				84808E8D17CA6826002A6288 /* DSPApplicationDelegate.m in Sources */,
				84808E8E17CA6826002A6288 /* DSPPreferencesWindow.m in Sources */,
				84808E8F17CA6826002A6288 /* DSPPreferencesViewController.m in Sources */,
				84808E9017CA6826002A6288 /* DSPLaunchServicesManager.m in Sources */,
				84808E9117CA6826002A6288 /* DSPPreferencesFieldBackgroundView.m in Sources */,
				84808E9217CA6826002A6288 /* DSPPreferencesShadowBox.m in Sources */,
				84808E9317CA6826002A6288 /* DSPMainWindowController.m in Sources */,
				840BF861183D7CB00061E528 /* LIEffect.m in Sources */,
				84808E9417CA6826002A6288 /* DSPMainWindow.m in Sources */,
				840BF862183D7CB00061E528 /* LIFlipEffect.m in Sources */,
				84808E9517CA6826002A6288 /* DSPMainViewController.m in Sources */,
				84808E9617CA6826002A6288 /* DSPMainView.m in Sources */,
				84808E9717CA6826002A6288 /* DSPBackgroundView.m in Sources */,
				84808E9817CA6826002A6288 /* DSPMainViewModel.m in Sources */,
				84808E9917CA6826002A6288 /* DSPDirectoryPickerButton.m in Sources */,
				84808E9A17CA6826002A6288 /* DSPFilenameTextField.m in Sources */,
				84808E9B17CA6826002A6288 /* DSPGlowingNameButton.m in Sources */,
				84110A3D17FCE155009EED29 /* PFMoveApplication.m in Sources */,
				84110A4617FCE1B0009EED29 /* NSString+SymlinksAndAliases.m in Sources */,
				84808E9C17CA6826002A6288 /* DSPLogoButton.m in Sources */,
				84808E9D17CA6826002A6288 /* DSPHistoryRowView.m in Sources */,
				84808E9E17CA6826002A6288 /* DSPHistoryTableView.m in Sources */,
				84808E9F17CA6826002A6288 /* DSPLabel.m in Sources */,
				84808EA017CA6826002A6288 /* DSPMenuBarWindowIconView.m in Sources */,
				84808EA117CA6826002A6288 /* DSPPNGFormatter.m in Sources */,
				84808EA217CA6826002A6288 /* DSPShadowBox.m in Sources */,
				84808EA317CA6826002A6288 /* DSPSpinningSettingsButton.m in Sources */,
				84808EA417CA6826002A6288 /* DSPSwitch.m in Sources */,
				84808EA517CA6826002A6288 /* NSColor+DSPExtensions.m in Sources */,
				84808EA817CA6826002A6288 /* MAAttachedWindow.m in Sources */,
				84808EA917CA6826002A6288 /* JNWAnimatableWindow.m in Sources */,
				84808EAA17CA6826002A6288 /* main.m in Sources */,
				84808EAB17CA6826002A6288 /* DSPDefaults.m in Sources */,
			);
			runOnlyForDeploymentPostprocessing = 0;
		};
		84808E7517CA67C9002A6288 /* Sources */ = {
			isa = PBXSourcesBuildPhase;
			buildActionMask = 2147483647;
			files = (
				84808E8617CA67C9002A6288 /* DotSnapTests.m in Sources */,
			);
			runOnlyForDeploymentPostprocessing = 0;
		};
/* End PBXSourcesBuildPhase section */

/* Begin PBXTargetDependency section */
		84808E7E17CA67C9002A6288 /* PBXTargetDependency */ = {
			isa = PBXTargetDependency;
			target = 84808E5A17CA67C9002A6288 /* DotSnap */;
			targetProxy = 84808E7D17CA67C9002A6288 /* PBXContainerItemProxy */;
		};
		84808EAF17CA6831002A6288 /* PBXTargetDependency */ = {
			isa = PBXTargetDependency;
			name = ReactiveCocoa;
			targetProxy = 84808EAE17CA6831002A6288 /* PBXContainerItemProxy */;
		};
/* End PBXTargetDependency section */

/* Begin PBXVariantGroup section */
		840097DE17D6F9840085001E /* MainMenu.xib */ = {
			isa = PBXVariantGroup;
			children = (
				840097DF17D6F9840085001E /* Base */,
			);
			name = MainMenu.xib;
			sourceTree = "<group>";
		};
		84808E8217CA67C9002A6288 /* InfoPlist.strings */ = {
			isa = PBXVariantGroup;
			children = (
				84808E8317CA67C9002A6288 /* en */,
			);
			name = InfoPlist.strings;
			sourceTree = "<group>";
		};
/* End PBXVariantGroup section */

/* Begin XCBuildConfiguration section */
		84808E8817CA67C9002A6288 /* Debug */ = {
			isa = XCBuildConfiguration;
			buildSettings = {
				ARCHS = "$(ARCHS_STANDARD_64_BIT)";
				CLANG_CXX_LANGUAGE_STANDARD = "gnu++0x";
				CLANG_CXX_LIBRARY = "libc++";
				CLANG_ENABLE_MODULES = YES;
				CLANG_ENABLE_OBJC_ARC = YES;
				CLANG_WARN_DIRECT_OBJC_ISA_USAGE = YES_ERROR;
				CLANG_WARN_OBJC_ROOT_CLASS = YES_ERROR;
				CODE_SIGN_IDENTITY = "Mac Developer";
				"CODE_SIGN_IDENTITY[sdk=macosx*]" = "Mac Developer";
				COMBINE_HIDPI_IMAGES = YES;
				GCC_PRECOMPILE_PREFIX_HEADER = YES;
				GCC_PREFIX_HEADER = "DotSnap/DotSnap-Prefix.pch";
				GCC_PREPROCESSOR_DEFINITIONS = (
					"DEBUG=1",
					"$(inherited)",
				);
				GCC_WARN_ABOUT_RETURN_TYPE = YES_ERROR;
				INFOPLIST_FILE = "DotSnap/DotSnap-Info.plist";
				LD_RUNPATH_SEARCH_PATHS = "@loader_path/../Frameworks";
				MACOSX_DEPLOYMENT_TARGET = 10.8;
				OTHER_CODE_SIGN_FLAGS = "--deep";
				PRODUCT_NAME = "$(TARGET_NAME)";
				PROVISIONING_PROFILE = "";
				SDKROOT = macosx;
				WRAPPER_EXTENSION = app;
			};
			name = Debug;
		};
		84808E8917CA67C9002A6288 /* Release */ = {
			isa = XCBuildConfiguration;
			buildSettings = {
				ARCHS = "$(ARCHS_STANDARD_64_BIT)";
				CLANG_CXX_LANGUAGE_STANDARD = "gnu++0x";
				CLANG_CXX_LIBRARY = "libc++";
				CLANG_ENABLE_MODULES = YES;
				CLANG_ENABLE_OBJC_ARC = YES;
				CLANG_WARN_DIRECT_OBJC_ISA_USAGE = YES_ERROR;
				CLANG_WARN_OBJC_ROOT_CLASS = YES_ERROR;
				CODE_SIGN_IDENTITY = "Mac Developer";
				"CODE_SIGN_IDENTITY[sdk=macosx*]" = "Mac Developer";
				COMBINE_HIDPI_IMAGES = YES;
				ENABLE_NS_ASSERTIONS = NO;
				GCC_PRECOMPILE_PREFIX_HEADER = YES;
				GCC_PREFIX_HEADER = "DotSnap/DotSnap-Prefix.pch";
				GCC_WARN_ABOUT_RETURN_TYPE = YES_ERROR;
				INFOPLIST_FILE = "DotSnap/DotSnap-Info.plist";
				LD_RUNPATH_SEARCH_PATHS = "@loader_path/../Frameworks";
				MACOSX_DEPLOYMENT_TARGET = 10.8;
				OTHER_CODE_SIGN_FLAGS = "--deep";
				PRODUCT_NAME = "$(TARGET_NAME)";
				PROVISIONING_PROFILE = "";
				SDKROOT = macosx;
				WRAPPER_EXTENSION = app;
			};
			name = Release;
		};
		84808E8B17CA67C9002A6288 /* Debug */ = {
			isa = XCBuildConfiguration;
			buildSettings = {
				BUNDLE_LOADER = "$(BUILT_PRODUCTS_DIR)/DotSnap.app/Contents/MacOS/DotSnap";
				CLANG_CXX_LANGUAGE_STANDARD = "gnu++0x";
				CLANG_CXX_LIBRARY = "libc++";
				CLANG_ENABLE_MODULES = YES;
				CLANG_ENABLE_OBJC_ARC = YES;
				CLANG_WARN_DIRECT_OBJC_ISA_USAGE = YES_ERROR;
				CLANG_WARN_OBJC_ROOT_CLASS = YES_ERROR;
				COMBINE_HIDPI_IMAGES = YES;
				FRAMEWORK_SEARCH_PATHS = (
					"$(DEVELOPER_FRAMEWORKS_DIR)",
					"$(inherited)",
				);
				GCC_PRECOMPILE_PREFIX_HEADER = YES;
				GCC_PREFIX_HEADER = "DotSnap/DotSnap-Prefix.pch";
				GCC_PREPROCESSOR_DEFINITIONS = (
					"DEBUG=1",
					"$(inherited)",
				);
				GCC_WARN_ABOUT_RETURN_TYPE = YES_ERROR;
				INFOPLIST_FILE = "DotSnapTests/DotSnapTests-Info.plist";
				MACOSX_DEPLOYMENT_TARGET = 10.8;
				PRODUCT_NAME = "$(TARGET_NAME)";
				TEST_HOST = "$(BUNDLE_LOADER)";
				WRAPPER_EXTENSION = xctest;
			};
			name = Debug;
		};
		84808E8C17CA67C9002A6288 /* Release */ = {
			isa = XCBuildConfiguration;
			buildSettings = {
				BUNDLE_LOADER = "$(BUILT_PRODUCTS_DIR)/DotSnap.app/Contents/MacOS/DotSnap";
				CLANG_CXX_LANGUAGE_STANDARD = "gnu++0x";
				CLANG_CXX_LIBRARY = "libc++";
				CLANG_ENABLE_MODULES = YES;
				CLANG_ENABLE_OBJC_ARC = YES;
				CLANG_WARN_DIRECT_OBJC_ISA_USAGE = YES_ERROR;
				CLANG_WARN_OBJC_ROOT_CLASS = YES_ERROR;
				COMBINE_HIDPI_IMAGES = YES;
				ENABLE_NS_ASSERTIONS = NO;
				FRAMEWORK_SEARCH_PATHS = (
					"$(DEVELOPER_FRAMEWORKS_DIR)",
					"$(inherited)",
				);
				GCC_PRECOMPILE_PREFIX_HEADER = YES;
				GCC_PREFIX_HEADER = "DotSnap/DotSnap-Prefix.pch";
				GCC_WARN_ABOUT_RETURN_TYPE = YES_ERROR;
				INFOPLIST_FILE = "DotSnapTests/DotSnapTests-Info.plist";
				MACOSX_DEPLOYMENT_TARGET = 10.8;
				PRODUCT_NAME = "$(TARGET_NAME)";
				TEST_HOST = "$(BUNDLE_LOADER)";
				WRAPPER_EXTENSION = xctest;
			};
			name = Release;
		};
		DD4F7C2013C30F9F00825C6E /* Debug */ = {
			isa = XCBuildConfiguration;
			buildSettings = {
				ALWAYS_SEARCH_USER_PATHS = NO;
				CLANG_WARN_BOOL_CONVERSION = YES;
				CLANG_WARN_CONSTANT_CONVERSION = YES;
				CLANG_WARN_EMPTY_BODY = YES;
				CLANG_WARN_ENUM_CONVERSION = YES;
				CLANG_WARN_INT_CONVERSION = YES;
				CLANG_WARN__DUPLICATE_METHOD_MATCH = YES;
				COPY_PHASE_STRIP = NO;
				GCC_C_LANGUAGE_STANDARD = gnu99;
				GCC_DYNAMIC_NO_PIC = NO;
				GCC_ENABLE_OBJC_EXCEPTIONS = YES;
				GCC_OPTIMIZATION_LEVEL = 0;
				GCC_PREPROCESSOR_DEFINITIONS = (
					"DEBUG=1",
					"$(inherited)",
				);
				GCC_SYMBOLS_PRIVATE_EXTERN = NO;
				GCC_VERSION = com.apple.compilers.llvm.clang.1_0;
				GCC_WARN_64_TO_32_BIT_CONVERSION = YES;
				GCC_WARN_ABOUT_MISSING_PROTOTYPES = YES;
				GCC_WARN_ABOUT_RETURN_TYPE = YES;
				GCC_WARN_UNDECLARED_SELECTOR = YES;
				GCC_WARN_UNINITIALIZED_AUTOS = YES;
				GCC_WARN_UNUSED_FUNCTION = YES;
				GCC_WARN_UNUSED_VARIABLE = YES;
				MACOSX_DEPLOYMENT_TARGET = 10.7;
				ONLY_ACTIVE_ARCH = YES;
				SDKROOT = macosx;
			};
			name = Debug;
		};
		DD4F7C2113C30F9F00825C6E /* Release */ = {
			isa = XCBuildConfiguration;
			buildSettings = {
				ALWAYS_SEARCH_USER_PATHS = NO;
				CLANG_WARN_BOOL_CONVERSION = YES;
				CLANG_WARN_CONSTANT_CONVERSION = YES;
				CLANG_WARN_EMPTY_BODY = YES;
				CLANG_WARN_ENUM_CONVERSION = YES;
				CLANG_WARN_INT_CONVERSION = YES;
				CLANG_WARN__DUPLICATE_METHOD_MATCH = YES;
				COPY_PHASE_STRIP = YES;
				DEBUG_INFORMATION_FORMAT = "dwarf-with-dsym";
				GCC_C_LANGUAGE_STANDARD = gnu99;
				GCC_ENABLE_OBJC_EXCEPTIONS = YES;
				GCC_VERSION = com.apple.compilers.llvm.clang.1_0;
				GCC_WARN_64_TO_32_BIT_CONVERSION = YES;
				GCC_WARN_ABOUT_MISSING_PROTOTYPES = YES;
				GCC_WARN_ABOUT_RETURN_TYPE = YES;
				GCC_WARN_UNDECLARED_SELECTOR = YES;
				GCC_WARN_UNINITIALIZED_AUTOS = YES;
				GCC_WARN_UNUSED_FUNCTION = YES;
				GCC_WARN_UNUSED_VARIABLE = YES;
				MACOSX_DEPLOYMENT_TARGET = 10.7;
				SDKROOT = macosx;
			};
			name = Release;
		};
/* End XCBuildConfiguration section */

/* Begin XCConfigurationList section */
		84808E8717CA67C9002A6288 /* Build configuration list for PBXNativeTarget "DotSnap" */ = {
			isa = XCConfigurationList;
			buildConfigurations = (
				84808E8817CA67C9002A6288 /* Debug */,
				84808E8917CA67C9002A6288 /* Release */,
			);
			defaultConfigurationIsVisible = 0;
			defaultConfigurationName = Release;
		};
		84808E8A17CA67C9002A6288 /* Build configuration list for PBXNativeTarget "DotSnapTests" */ = {
			isa = XCConfigurationList;
			buildConfigurations = (
				84808E8B17CA67C9002A6288 /* Debug */,
				84808E8C17CA67C9002A6288 /* Release */,
			);
			defaultConfigurationIsVisible = 0;
			defaultConfigurationName = Release;
		};
		DD4F7BFE13C30F9F00825C6E /* Build configuration list for PBXProject "DotSnap" */ = {
			isa = XCConfigurationList;
			buildConfigurations = (
				DD4F7C2013C30F9F00825C6E /* Debug */,
				DD4F7C2113C30F9F00825C6E /* Release */,
			);
			defaultConfigurationIsVisible = 0;
			defaultConfigurationName = Release;
		};
/* End XCConfigurationList section */
	};
	rootObject = DD4F7BFB13C30F9F00825C6E /* Project object */;
}
